
Microsoft Visual Studio Solution File, Format Version 12.00
# Visual Studio 15
VisualStudioVersion = 15.0.25428.1
MinimumVisualStudioVersion = 10.0.40219.1
Project("{FAE04EC0-301F-11D3-BF4B-00C04F79EFBC}") = "WorkingInPreview3", "WorkingInPreview3\WorkingInPreview3.csproj", "{651AB11A-ECB6-4521-BD10-147EDE09B565}"
EndProject
Project("{FAE04EC0-301F-11D3-BF4B-00C04F79EFBC}") = "NotInPreview3", "NotInPreview3\NotInPreview3.csproj", "{7E408120-50B1-4677-A433-F2B05532AAD1}"
EndProject
Project("{FAE04EC0-301F-11D3-BF4B-00C04F79EFBC}") = "ClassLibrary", "ClassLibrary\ClassLibrary.csproj", "{8E7F6AFF-53D1-43FC-82DE-75B98935D244}"
EndProject
Global
	GlobalSection(SolutionConfigurationPlatforms) = preSolution
		Debug|Any CPU = Debug|Any CPU
		Release|Any CPU = Release|Any CPU
	EndGlobalSection
	GlobalSection(ProjectConfigurationPlatforms) = postSolution
		{651AB11A-ECB6-4521-BD10-147EDE09B565}.Debug|Any CPU.ActiveCfg = Debug|Any CPU
		{651AB11A-ECB6-4521-BD10-147EDE09B565}.Debug|Any CPU.Build.0 = Debug|Any CPU
		{651AB11A-ECB6-4521-BD10-147EDE09B565}.Release|Any CPU.ActiveCfg = Release|Any CPU
		{651AB11A-ECB6-4521-BD10-147EDE09B565}.Release|Any CPU.Build.0 = Release|Any CPU
		{7E408120-50B1-4677-A433-F2B05532AAD1}.Debug|Any CPU.ActiveCfg = Debug|Any CPU
		{7E408120-50B1-4677-A433-F2B05532AAD1}.Debug|Any CPU.Build.0 = Debug|Any CPU
		{7E408120-50B1-4677-A433-F2B05532AAD1}.Release|Any CPU.ActiveCfg = Release|Any CPU
		{7E408120-50B1-4677-A433-F2B05532AAD1}.Release|Any CPU.Build.0 = Release|Any CPU
		{8E7F6AFF-53D1-43FC-82DE-75B98935D244}.Debug|Any CPU.ActiveCfg = Debug|Any CPU
		{8E7F6AFF-53D1-43FC-82DE-75B98935D244}.Debug|Any CPU.Build.0 = Debug|Any CPU
		{8E7F6AFF-53D1-43FC-82DE-75B98935D244}.Release|Any CPU.ActiveCfg = Release|Any CPU
		{8E7F6AFF-53D1-43FC-82DE-75B98935D244}.Release|Any CPU.Build.0 = Release|Any CPU
	EndGlobalSection
	GlobalSection(SolutionProperties) = preSolution
		HideSolutionNode = FALSE
	EndGlobalSection
EndGlobal
