
Microsoft Visual Studio Solution File, Format Version 12.00
# Visual Studio 15
VisualStudioVersion = 15.0.26020.0
MinimumVisualStudioVersion = 10.0.40219.1
Project("{FAE04EC0-301F-11D3-BF4B-00C04F79EFBC}") = "CSharp7", "CSharp7\CSharp7.csproj", "{CF3BD952-4820-45C7-9981-DC78949CE6C9}"
EndProject
Project("{2150E333-8FDC-42A3-9474-1A3956D46DE8}") = "Text", "Text", "{A9EE12D4-AE98-4399-ACB6-93F1514A9E77}"
	ProjectSection(SolutionItems) = preProject
		Text\agenda.txt = Text\agenda.txt
	EndProjectSection
EndProject
Global
	GlobalSection(SolutionConfigurationPlatforms) = preSolution
		Debug|Any CPU = Debug|Any CPU
		Release|Any CPU = Release|Any CPU
	EndGlobalSection
	GlobalSection(ProjectConfigurationPlatforms) = postSolution
		{CF3BD952-4820-45C7-9981-DC78949CE6C9}.Debug|Any CPU.ActiveCfg = Debug|Any CPU
		{CF3BD952-4820-45C7-9981-DC78949CE6C9}.Debug|Any CPU.Build.0 = Debug|Any CPU
		{CF3BD952-4820-45C7-9981-DC78949CE6C9}.Release|Any CPU.ActiveCfg = Release|Any CPU
		{CF3BD952-4820-45C7-9981-DC78949CE6C9}.Release|Any CPU.Build.0 = Release|Any CPU
	EndGlobalSection
	GlobalSection(SolutionProperties) = preSolution
		HideSolutionNode = FALSE
	EndGlobalSection
EndGlobal
