
Microsoft Visual Studio Solution File, Format Version 12.00
# Visual Studio 15
VisualStudioVersion = 15.0.26124.0
MinimumVisualStudioVersion = 15.0.26124.0
Project("{9A19103F-16F7-4668-BE54-9A1E7A4F7556}") = "Demos", "Demos\Demos.csproj", "{FFB826B1-1E24-4A6C-B1E2-CF223F8B66D1}"
EndProject
Global
	GlobalSection(SolutionConfigurationPlatforms) = preSolution
		Debug|Any CPU = Debug|Any CPU
		Debug|x64 = Debug|x64
		Debug|x86 = Debug|x86
		Release|Any CPU = Release|Any CPU
		Release|x64 = Release|x64
		Release|x86 = Release|x86
	EndGlobalSection
	GlobalSection(ProjectConfigurationPlatforms) = postSolution
		{FFB826B1-1E24-4A6C-B1E2-CF223F8B66D1}.Debug|Any CPU.ActiveCfg = Debug|Any CPU
		{FFB826B1-1E24-4A6C-B1E2-CF223F8B66D1}.Debug|Any CPU.Build.0 = Debug|Any CPU
		{FFB826B1-1E24-4A6C-B1E2-CF223F8B66D1}.Debug|x64.ActiveCfg = Debug|Any CPU
		{FFB826B1-1E24-4A6C-B1E2-CF223F8B66D1}.Debug|x64.Build.0 = Debug|Any CPU
		{FFB826B1-1E24-4A6C-B1E2-CF223F8B66D1}.Debug|x86.ActiveCfg = Debug|Any CPU
		{FFB826B1-1E24-4A6C-B1E2-CF223F8B66D1}.Debug|x86.Build.0 = Debug|Any CPU
		{FFB826B1-1E24-4A6C-B1E2-CF223F8B66D1}.Release|Any CPU.ActiveCfg = Release|Any CPU
		{FFB826B1-1E24-4A6C-B1E2-CF223F8B66D1}.Release|Any CPU.Build.0 = Release|Any CPU
		{FFB826B1-1E24-4A6C-B1E2-CF223F8B66D1}.Release|x64.ActiveCfg = Release|Any CPU
		{FFB826B1-1E24-4A6C-B1E2-CF223F8B66D1}.Release|x64.Build.0 = Release|Any CPU
		{FFB826B1-1E24-4A6C-B1E2-CF223F8B66D1}.Release|x86.ActiveCfg = Release|Any CPU
		{FFB826B1-1E24-4A6C-B1E2-CF223F8B66D1}.Release|x86.Build.0 = Release|Any CPU
	EndGlobalSection
	GlobalSection(SolutionProperties) = preSolution
		HideSolutionNode = FALSE
	EndGlobalSection
	GlobalSection(ExtensibilityGlobals) = postSolution
		SolutionGuid = {38D9190C-6F78-432F-AEF4-64738BB851A6}
	EndGlobalSection
EndGlobal
