
Microsoft Visual Studio Solution File, Format Version 12.00
# Visual Studio Version 17
VisualStudioVersion = 17.3.32901.215
MinimumVisualStudioVersion = 10.0.40219.1
Project("{9A19103F-16F7-4668-BE54-9A1E7A4F7556}") = "EvChargerTiming", "EvChargerTiming.csproj", "{C385414B-617D-47B6-B9D3-1112FAAB481B}"
EndProject
Global
	GlobalSection(SolutionConfigurationPlatforms) = preSolution
		Debug|Any CPU = Debug|Any CPU
		Release|Any CPU = Release|Any CPU
	EndGlobalSection
	GlobalSection(ProjectConfigurationPlatforms) = postSolution
		{C385414B-617D-47B6-B9D3-1112FAAB481B}.Debug|Any CPU.ActiveCfg = Debug|Any CPU
		{C385414B-617D-47B6-B9D3-1112FAAB481B}.Debug|Any CPU.Build.0 = Debug|Any CPU
		{C385414B-617D-47B6-B9D3-1112FAAB481B}.Release|Any CPU.ActiveCfg = Release|Any CPU
		{C385414B-617D-47B6-B9D3-1112FAAB481B}.Release|Any CPU.Build.0 = Release|Any CPU
	EndGlobalSection
	GlobalSection(SolutionProperties) = preSolution
		HideSolutionNode = FALSE
	EndGlobalSection
	GlobalSection(ExtensibilityGlobals) = postSolution
		SolutionGuid = {98CBD966-E924-48DA-803C-C810C011D6BD}
	EndGlobalSection
EndGlobal
