
Microsoft Visual Studio Solution File, Format Version 12.00
# Visual Studio Version 16
VisualStudioVersion = 16.0.29009.5
MinimumVisualStudioVersion = 10.0.40219.1
Project("{9A19103F-16F7-4668-BE54-9A1E7A4F7556}") = "MultiVersionLoading", "MultiVersionLoading.csproj", "{BE247CD4-DE19-42D5-96C7-9D3B4C1DB947}"
EndProject
Global
	GlobalSection(SolutionConfigurationPlatforms) = preSolution
		Debug|Any CPU = Debug|Any CPU
		Release|Any CPU = Release|Any CPU
	EndGlobalSection
	GlobalSection(ProjectConfigurationPlatforms) = postSolution
		{BE247CD4-DE19-42D5-96C7-9D3B4C1DB947}.Debug|Any CPU.ActiveCfg = Debug|Any CPU
		{BE247CD4-DE19-42D5-96C7-9D3B4C1DB947}.Debug|Any CPU.Build.0 = Debug|Any CPU
		{BE247CD4-DE19-42D5-96C7-9D3B4C1DB947}.Release|Any CPU.ActiveCfg = Release|Any CPU
		{BE247CD4-DE19-42D5-96C7-9D3B4C1DB947}.Release|Any CPU.Build.0 = Release|Any CPU
	EndGlobalSection
	GlobalSection(SolutionProperties) = preSolution
		HideSolutionNode = FALSE
	EndGlobalSection
	GlobalSection(ExtensibilityGlobals) = postSolution
		SolutionGuid = {D02A5B2E-EA27-419F-9778-D79D732E6A21}
	EndGlobalSection
EndGlobal
