
Microsoft Visual Studio Solution File, Format Version 12.00
# Visual Studio Version 16
VisualStudioVersion = 16.0.31025.194
MinimumVisualStudioVersion = 15.0.26124.0
Project("{9A19103F-16F7-4668-BE54-9A1E7A4F7556}") = "XTouchMini.Model", "XTouchMini.Model\XTouchMini.Model.csproj", "{208AFD08-A2EC-4754-A957-2D0E2FC1EB3C}"
EndProject
Project("{9A19103F-16F7-4668-BE54-9A1E7A4F7556}") = "XTouchMini.Console", "XTouchMini.Console\XTouchMini.Console.csproj", "{F29EEB2D-C55F-4225-85DC-482223B0EABC}"
EndProject
Project("{FAE04EC0-301F-11D3-BF4B-00C04F79EFBC}") = "XTouchMini.MixerControl", "XTouchMini.MixerControl\XTouchMini.MixerControl.csproj", "{6F9BFAF5-22AB-4245-A349-836D2D7F050D}"
EndProject
Project("{9A19103F-16F7-4668-BE54-9A1E7A4F7556}") = "OscMixerControl", "..\OscMixerControl\OscMixerControl\OscMixerControl.csproj", "{DD047634-4684-4542-932B-06F00B7A9A82}"
EndProject
Global
	GlobalSection(SolutionConfigurationPlatforms) = preSolution
		Debug|Any CPU = Debug|Any CPU
		Debug|x64 = Debug|x64
		Debug|x86 = Debug|x86
		Release|Any CPU = Release|Any CPU
		Release|x64 = Release|x64
		Release|x86 = Release|x86
	EndGlobalSection
	GlobalSection(ProjectConfigurationPlatforms) = postSolution
		{208AFD08-A2EC-4754-A957-2D0E2FC1EB3C}.Debug|Any CPU.ActiveCfg = Debug|Any CPU
		{208AFD08-A2EC-4754-A957-2D0E2FC1EB3C}.Debug|Any CPU.Build.0 = Debug|Any CPU
		{208AFD08-A2EC-4754-A957-2D0E2FC1EB3C}.Debug|x64.ActiveCfg = Debug|Any CPU
		{208AFD08-A2EC-4754-A957-2D0E2FC1EB3C}.Debug|x64.Build.0 = Debug|Any CPU
		{208AFD08-A2EC-4754-A957-2D0E2FC1EB3C}.Debug|x86.ActiveCfg = Debug|Any CPU
		{208AFD08-A2EC-4754-A957-2D0E2FC1EB3C}.Debug|x86.Build.0 = Debug|Any CPU
		{208AFD08-A2EC-4754-A957-2D0E2FC1EB3C}.Release|Any CPU.ActiveCfg = Release|Any CPU
		{208AFD08-A2EC-4754-A957-2D0E2FC1EB3C}.Release|Any CPU.Build.0 = Release|Any CPU
		{208AFD08-A2EC-4754-A957-2D0E2FC1EB3C}.Release|x64.ActiveCfg = Release|Any CPU
		{208AFD08-A2EC-4754-A957-2D0E2FC1EB3C}.Release|x64.Build.0 = Release|Any CPU
		{208AFD08-A2EC-4754-A957-2D0E2FC1EB3C}.Release|x86.ActiveCfg = Release|Any CPU
		{208AFD08-A2EC-4754-A957-2D0E2FC1EB3C}.Release|x86.Build.0 = Release|Any CPU
		{F29EEB2D-C55F-4225-85DC-482223B0EABC}.Debug|Any CPU.ActiveCfg = Debug|Any CPU
		{F29EEB2D-C55F-4225-85DC-482223B0EABC}.Debug|Any CPU.Build.0 = Debug|Any CPU
		{F29EEB2D-C55F-4225-85DC-482223B0EABC}.Debug|x64.ActiveCfg = Debug|Any CPU
		{F29EEB2D-C55F-4225-85DC-482223B0EABC}.Debug|x64.Build.0 = Debug|Any CPU
		{F29EEB2D-C55F-4225-85DC-482223B0EABC}.Debug|x86.ActiveCfg = Debug|Any CPU
		{F29EEB2D-C55F-4225-85DC-482223B0EABC}.Debug|x86.Build.0 = Debug|Any CPU
		{F29EEB2D-C55F-4225-85DC-482223B0EABC}.Release|Any CPU.ActiveCfg = Release|Any CPU
		{F29EEB2D-C55F-4225-85DC-482223B0EABC}.Release|Any CPU.Build.0 = Release|Any CPU
		{F29EEB2D-C55F-4225-85DC-482223B0EABC}.Release|x64.ActiveCfg = Release|Any CPU
		{F29EEB2D-C55F-4225-85DC-482223B0EABC}.Release|x64.Build.0 = Release|Any CPU
		{F29EEB2D-C55F-4225-85DC-482223B0EABC}.Release|x86.ActiveCfg = Release|Any CPU
		{F29EEB2D-C55F-4225-85DC-482223B0EABC}.Release|x86.Build.0 = Release|Any CPU
		{6F9BFAF5-22AB-4245-A349-836D2D7F050D}.Debug|Any CPU.ActiveCfg = Debug|Any CPU
		{6F9BFAF5-22AB-4245-A349-836D2D7F050D}.Debug|Any CPU.Build.0 = Debug|Any CPU
		{6F9BFAF5-22AB-4245-A349-836D2D7F050D}.Debug|x64.ActiveCfg = Debug|Any CPU
		{6F9BFAF5-22AB-4245-A349-836D2D7F050D}.Debug|x64.Build.0 = Debug|Any CPU
		{6F9BFAF5-22AB-4245-A349-836D2D7F050D}.Debug|x86.ActiveCfg = Debug|Any CPU
		{6F9BFAF5-22AB-4245-A349-836D2D7F050D}.Debug|x86.Build.0 = Debug|Any CPU
		{6F9BFAF5-22AB-4245-A349-836D2D7F050D}.Release|Any CPU.ActiveCfg = Release|Any CPU
		{6F9BFAF5-22AB-4245-A349-836D2D7F050D}.Release|Any CPU.Build.0 = Release|Any CPU
		{6F9BFAF5-22AB-4245-A349-836D2D7F050D}.Release|x64.ActiveCfg = Release|Any CPU
		{6F9BFAF5-22AB-4245-A349-836D2D7F050D}.Release|x64.Build.0 = Release|Any CPU
		{6F9BFAF5-22AB-4245-A349-836D2D7F050D}.Release|x86.ActiveCfg = Release|Any CPU
		{6F9BFAF5-22AB-4245-A349-836D2D7F050D}.Release|x86.Build.0 = Release|Any CPU
		{DD047634-4684-4542-932B-06F00B7A9A82}.Debug|Any CPU.ActiveCfg = Debug|Any CPU
		{DD047634-4684-4542-932B-06F00B7A9A82}.Debug|Any CPU.Build.0 = Debug|Any CPU
		{DD047634-4684-4542-932B-06F00B7A9A82}.Debug|x64.ActiveCfg = Debug|Any CPU
		{DD047634-4684-4542-932B-06F00B7A9A82}.Debug|x64.Build.0 = Debug|Any CPU
		{DD047634-4684-4542-932B-06F00B7A9A82}.Debug|x86.ActiveCfg = Debug|Any CPU
		{DD047634-4684-4542-932B-06F00B7A9A82}.Debug|x86.Build.0 = Debug|Any CPU
		{DD047634-4684-4542-932B-06F00B7A9A82}.Release|Any CPU.ActiveCfg = Release|Any CPU
		{DD047634-4684-4542-932B-06F00B7A9A82}.Release|Any CPU.Build.0 = Release|Any CPU
		{DD047634-4684-4542-932B-06F00B7A9A82}.Release|x64.ActiveCfg = Release|Any CPU
		{DD047634-4684-4542-932B-06F00B7A9A82}.Release|x64.Build.0 = Release|Any CPU
		{DD047634-4684-4542-932B-06F00B7A9A82}.Release|x86.ActiveCfg = Release|Any CPU
		{DD047634-4684-4542-932B-06F00B7A9A82}.Release|x86.Build.0 = Release|Any CPU
	EndGlobalSection
	GlobalSection(SolutionProperties) = preSolution
		HideSolutionNode = FALSE
	EndGlobalSection
	GlobalSection(ExtensibilityGlobals) = postSolution
		SolutionGuid = {EC4C9BA9-87D0-4530-96DB-E584B9ED9B19}
	EndGlobalSection
EndGlobal
