
Microsoft Visual Studio Solution File, Format Version 12.00
# Visual Studio 2013
VisualStudioVersion = 12.0.30501.0
MinimumVisualStudioVersion = 10.0.40219.1
Project("{FAE04EC0-301F-11D3-BF4B-00C04F79EFBC}") = "PclPal.Model", "PclPal.Model\PclPal.Model.csproj", "{B760F38F-05FA-4CA0-B5F5-087CC789319A}"
EndProject
Project("{FAE04EC0-301F-11D3-BF4B-00C04F79EFBC}") = "PclPal.Tool", "PclPal.Tool\PclPal.Tool.csproj", "{53A252CD-07D7-476D-A54B-E55517BE40CE}"
EndProject
Global
	GlobalSection(SolutionConfigurationPlatforms) = preSolution
		Debug|Any CPU = Debug|Any CPU
		Release|Any CPU = Release|Any CPU
	EndGlobalSection
	GlobalSection(ProjectConfigurationPlatforms) = postSolution
		{B760F38F-05FA-4CA0-B5F5-087CC789319A}.Debug|Any CPU.ActiveCfg = Debug|Any CPU
		{B760F38F-05FA-4CA0-B5F5-087CC789319A}.Debug|Any CPU.Build.0 = Debug|Any CPU
		{B760F38F-05FA-4CA0-B5F5-087CC789319A}.Release|Any CPU.ActiveCfg = Release|Any CPU
		{B760F38F-05FA-4CA0-B5F5-087CC789319A}.Release|Any CPU.Build.0 = Release|Any CPU
		{53A252CD-07D7-476D-A54B-E55517BE40CE}.Debug|Any CPU.ActiveCfg = Debug|Any CPU
		{53A252CD-07D7-476D-A54B-E55517BE40CE}.Debug|Any CPU.Build.0 = Debug|Any CPU
		{53A252CD-07D7-476D-A54B-E55517BE40CE}.Release|Any CPU.ActiveCfg = Release|Any CPU
		{53A252CD-07D7-476D-A54B-E55517BE40CE}.Release|Any CPU.Build.0 = Release|Any CPU
	EndGlobalSection
	GlobalSection(SolutionProperties) = preSolution
		HideSolutionNode = FALSE
	EndGlobalSection
EndGlobal
