
Microsoft Visual Studio Solution File, Format Version 12.00
# Visual Studio Version 16
VisualStudioVersion = 16.0.30804.86
MinimumVisualStudioVersion = 15.0.26124.0
Project("{9A19103F-16F7-4668-BE54-9A1E7A4F7556}") = "OscMixerControl", "OscMixerControl\OscMixerControl.csproj", "{72A1AC7E-9E2A-421F-9185-EE8D3B515BC2}"
EndProject
Project("{9A19103F-16F7-4668-BE54-9A1E7A4F7556}") = "OscMixerControl.Wpf", "OscMixerControl.Wpf\OscMixerControl.Wpf.csproj", "{B06409AE-B348-4BF9-AFC9-D13DB05FF1C2}"
EndProject
Global
	GlobalSection(SolutionConfigurationPlatforms) = preSolution
		Debug|Any CPU = Debug|Any CPU
		Debug|x64 = Debug|x64
		Debug|x86 = Debug|x86
		Release|Any CPU = Release|Any CPU
		Release|x64 = Release|x64
		Release|x86 = Release|x86
	EndGlobalSection
	GlobalSection(ProjectConfigurationPlatforms) = postSolution
		{72A1AC7E-9E2A-421F-9185-EE8D3B515BC2}.Debug|Any CPU.ActiveCfg = Debug|Any CPU
		{72A1AC7E-9E2A-421F-9185-EE8D3B515BC2}.Debug|Any CPU.Build.0 = Debug|Any CPU
		{72A1AC7E-9E2A-421F-9185-EE8D3B515BC2}.Debug|x64.ActiveCfg = Debug|Any CPU
		{72A1AC7E-9E2A-421F-9185-EE8D3B515BC2}.Debug|x64.Build.0 = Debug|Any CPU
		{72A1AC7E-9E2A-421F-9185-EE8D3B515BC2}.Debug|x86.ActiveCfg = Debug|Any CPU
		{72A1AC7E-9E2A-421F-9185-EE8D3B515BC2}.Debug|x86.Build.0 = Debug|Any CPU
		{72A1AC7E-9E2A-421F-9185-EE8D3B515BC2}.Release|Any CPU.ActiveCfg = Release|Any CPU
		{72A1AC7E-9E2A-421F-9185-EE8D3B515BC2}.Release|Any CPU.Build.0 = Release|Any CPU
		{72A1AC7E-9E2A-421F-9185-EE8D3B515BC2}.Release|x64.ActiveCfg = Release|Any CPU
		{72A1AC7E-9E2A-421F-9185-EE8D3B515BC2}.Release|x64.Build.0 = Release|Any CPU
		{72A1AC7E-9E2A-421F-9185-EE8D3B515BC2}.Release|x86.ActiveCfg = Release|Any CPU
		{72A1AC7E-9E2A-421F-9185-EE8D3B515BC2}.Release|x86.Build.0 = Release|Any CPU
		{B06409AE-B348-4BF9-AFC9-D13DB05FF1C2}.Debug|Any CPU.ActiveCfg = Debug|Any CPU
		{B06409AE-B348-4BF9-AFC9-D13DB05FF1C2}.Debug|Any CPU.Build.0 = Debug|Any CPU
		{B06409AE-B348-4BF9-AFC9-D13DB05FF1C2}.Debug|x64.ActiveCfg = Debug|Any CPU
		{B06409AE-B348-4BF9-AFC9-D13DB05FF1C2}.Debug|x64.Build.0 = Debug|Any CPU
		{B06409AE-B348-4BF9-AFC9-D13DB05FF1C2}.Debug|x86.ActiveCfg = Debug|Any CPU
		{B06409AE-B348-4BF9-AFC9-D13DB05FF1C2}.Debug|x86.Build.0 = Debug|Any CPU
		{B06409AE-B348-4BF9-AFC9-D13DB05FF1C2}.Release|Any CPU.ActiveCfg = Release|Any CPU
		{B06409AE-B348-4BF9-AFC9-D13DB05FF1C2}.Release|Any CPU.Build.0 = Release|Any CPU
		{B06409AE-B348-4BF9-AFC9-D13DB05FF1C2}.Release|x64.ActiveCfg = Release|Any CPU
		{B06409AE-B348-4BF9-AFC9-D13DB05FF1C2}.Release|x64.Build.0 = Release|Any CPU
		{B06409AE-B348-4BF9-AFC9-D13DB05FF1C2}.Release|x86.ActiveCfg = Release|Any CPU
		{B06409AE-B348-4BF9-AFC9-D13DB05FF1C2}.Release|x86.Build.0 = Release|Any CPU
	EndGlobalSection
	GlobalSection(SolutionProperties) = preSolution
		HideSolutionNode = FALSE
	EndGlobalSection
	GlobalSection(ExtensibilityGlobals) = postSolution
		SolutionGuid = {E414620A-EA89-4A7F-9B6C-E7B8BF96C643}
	EndGlobalSection
EndGlobal
