
Microsoft Visual Studio Solution File, Format Version 12.00
# Visual Studio 14
VisualStudioVersion = 14.0.24720.0
MinimumVisualStudioVersion = 10.0.40219.1
Project("{8BB2217D-0F2D-49D1-97BC-3654ED321F3B}") = "Shed.Controllers", "Shed.Controllers\Shed.Controllers.xproj", "{4B3A30DC-776E-43CD-BCB8-4081516F0BDD}"
EndProject
Project("{8BB2217D-0F2D-49D1-97BC-3654ED321F3B}") = "Shed.CommandLine", "Shed.CommandLine\Shed.CommandLine.xproj", "{E2AD0849-AE43-4FB7-ACDD-7BCB158B90C6}"
EndProject
Project("{FAE04EC0-301F-11D3-BF4B-00C04F79EFBC}") = "Shed.Uwp", "Shed.Uwp\Shed.Uwp.csproj", "{F1075CA7-6ED3-47EA-A4F3-F7449F8BFF54}"
EndProject
Global
	GlobalSection(SolutionConfigurationPlatforms) = preSolution
		Debug|Any CPU = Debug|Any CPU
		Debug|ARM = Debug|ARM
		Debug|x64 = Debug|x64
		Debug|x86 = Debug|x86
		Release|Any CPU = Release|Any CPU
		Release|ARM = Release|ARM
		Release|x64 = Release|x64
		Release|x86 = Release|x86
	EndGlobalSection
	GlobalSection(ProjectConfigurationPlatforms) = postSolution
		{4B3A30DC-776E-43CD-BCB8-4081516F0BDD}.Debug|Any CPU.ActiveCfg = Debug|Any CPU
		{4B3A30DC-776E-43CD-BCB8-4081516F0BDD}.Debug|Any CPU.Build.0 = Debug|Any CPU
		{4B3A30DC-776E-43CD-BCB8-4081516F0BDD}.Debug|ARM.ActiveCfg = Debug|Any CPU
		{4B3A30DC-776E-43CD-BCB8-4081516F0BDD}.Debug|ARM.Build.0 = Debug|Any CPU
		{4B3A30DC-776E-43CD-BCB8-4081516F0BDD}.Debug|x64.ActiveCfg = Debug|Any CPU
		{4B3A30DC-776E-43CD-BCB8-4081516F0BDD}.Debug|x64.Build.0 = Debug|Any CPU
		{4B3A30DC-776E-43CD-BCB8-4081516F0BDD}.Debug|x86.ActiveCfg = Debug|Any CPU
		{4B3A30DC-776E-43CD-BCB8-4081516F0BDD}.Debug|x86.Build.0 = Debug|Any CPU
		{4B3A30DC-776E-43CD-BCB8-4081516F0BDD}.Release|Any CPU.ActiveCfg = Release|Any CPU
		{4B3A30DC-776E-43CD-BCB8-4081516F0BDD}.Release|Any CPU.Build.0 = Release|Any CPU
		{4B3A30DC-776E-43CD-BCB8-4081516F0BDD}.Release|ARM.ActiveCfg = Release|Any CPU
		{4B3A30DC-776E-43CD-BCB8-4081516F0BDD}.Release|ARM.Build.0 = Release|Any CPU
		{4B3A30DC-776E-43CD-BCB8-4081516F0BDD}.Release|x64.ActiveCfg = Release|Any CPU
		{4B3A30DC-776E-43CD-BCB8-4081516F0BDD}.Release|x64.Build.0 = Release|Any CPU
		{4B3A30DC-776E-43CD-BCB8-4081516F0BDD}.Release|x86.ActiveCfg = Release|Any CPU
		{4B3A30DC-776E-43CD-BCB8-4081516F0BDD}.Release|x86.Build.0 = Release|Any CPU
		{E2AD0849-AE43-4FB7-ACDD-7BCB158B90C6}.Debug|Any CPU.ActiveCfg = Debug|Any CPU
		{E2AD0849-AE43-4FB7-ACDD-7BCB158B90C6}.Debug|Any CPU.Build.0 = Debug|Any CPU
		{E2AD0849-AE43-4FB7-ACDD-7BCB158B90C6}.Debug|ARM.ActiveCfg = Debug|Any CPU
		{E2AD0849-AE43-4FB7-ACDD-7BCB158B90C6}.Debug|ARM.Build.0 = Debug|Any CPU
		{E2AD0849-AE43-4FB7-ACDD-7BCB158B90C6}.Debug|x64.ActiveCfg = Debug|Any CPU
		{E2AD0849-AE43-4FB7-ACDD-7BCB158B90C6}.Debug|x64.Build.0 = Debug|Any CPU
		{E2AD0849-AE43-4FB7-ACDD-7BCB158B90C6}.Debug|x86.ActiveCfg = Debug|Any CPU
		{E2AD0849-AE43-4FB7-ACDD-7BCB158B90C6}.Debug|x86.Build.0 = Debug|Any CPU
		{E2AD0849-AE43-4FB7-ACDD-7BCB158B90C6}.Release|Any CPU.ActiveCfg = Release|Any CPU
		{E2AD0849-AE43-4FB7-ACDD-7BCB158B90C6}.Release|Any CPU.Build.0 = Release|Any CPU
		{E2AD0849-AE43-4FB7-ACDD-7BCB158B90C6}.Release|ARM.ActiveCfg = Release|Any CPU
		{E2AD0849-AE43-4FB7-ACDD-7BCB158B90C6}.Release|ARM.Build.0 = Release|Any CPU
		{E2AD0849-AE43-4FB7-ACDD-7BCB158B90C6}.Release|x64.ActiveCfg = Release|Any CPU
		{E2AD0849-AE43-4FB7-ACDD-7BCB158B90C6}.Release|x64.Build.0 = Release|Any CPU
		{E2AD0849-AE43-4FB7-ACDD-7BCB158B90C6}.Release|x86.ActiveCfg = Release|Any CPU
		{E2AD0849-AE43-4FB7-ACDD-7BCB158B90C6}.Release|x86.Build.0 = Release|Any CPU
		{F1075CA7-6ED3-47EA-A4F3-F7449F8BFF54}.Debug|Any CPU.ActiveCfg = Debug|x86
		{F1075CA7-6ED3-47EA-A4F3-F7449F8BFF54}.Debug|Any CPU.Build.0 = Debug|x86
		{F1075CA7-6ED3-47EA-A4F3-F7449F8BFF54}.Debug|Any CPU.Deploy.0 = Debug|x86
		{F1075CA7-6ED3-47EA-A4F3-F7449F8BFF54}.Debug|ARM.ActiveCfg = Debug|ARM
		{F1075CA7-6ED3-47EA-A4F3-F7449F8BFF54}.Debug|ARM.Build.0 = Debug|ARM
		{F1075CA7-6ED3-47EA-A4F3-F7449F8BFF54}.Debug|ARM.Deploy.0 = Debug|ARM
		{F1075CA7-6ED3-47EA-A4F3-F7449F8BFF54}.Debug|x64.ActiveCfg = Debug|x64
		{F1075CA7-6ED3-47EA-A4F3-F7449F8BFF54}.Debug|x64.Build.0 = Debug|x64
		{F1075CA7-6ED3-47EA-A4F3-F7449F8BFF54}.Debug|x64.Deploy.0 = Debug|x64
		{F1075CA7-6ED3-47EA-A4F3-F7449F8BFF54}.Debug|x86.ActiveCfg = Debug|x86
		{F1075CA7-6ED3-47EA-A4F3-F7449F8BFF54}.Debug|x86.Build.0 = Debug|x86
		{F1075CA7-6ED3-47EA-A4F3-F7449F8BFF54}.Debug|x86.Deploy.0 = Debug|x86
		{F1075CA7-6ED3-47EA-A4F3-F7449F8BFF54}.Release|Any CPU.ActiveCfg = Release|x86
		{F1075CA7-6ED3-47EA-A4F3-F7449F8BFF54}.Release|ARM.ActiveCfg = Release|ARM
		{F1075CA7-6ED3-47EA-A4F3-F7449F8BFF54}.Release|ARM.Build.0 = Release|ARM
		{F1075CA7-6ED3-47EA-A4F3-F7449F8BFF54}.Release|ARM.Deploy.0 = Release|ARM
		{F1075CA7-6ED3-47EA-A4F3-F7449F8BFF54}.Release|x64.ActiveCfg = Release|x64
		{F1075CA7-6ED3-47EA-A4F3-F7449F8BFF54}.Release|x64.Build.0 = Release|x64
		{F1075CA7-6ED3-47EA-A4F3-F7449F8BFF54}.Release|x64.Deploy.0 = Release|x64
		{F1075CA7-6ED3-47EA-A4F3-F7449F8BFF54}.Release|x86.ActiveCfg = Release|x86
		{F1075CA7-6ED3-47EA-A4F3-F7449F8BFF54}.Release|x86.Build.0 = Release|x86
		{F1075CA7-6ED3-47EA-A4F3-F7449F8BFF54}.Release|x86.Deploy.0 = Release|x86
	EndGlobalSection
	GlobalSection(SolutionProperties) = preSolution
		HideSolutionNode = FALSE
	EndGlobalSection
EndGlobal
