
Microsoft Visual Studio Solution File, Format Version 12.00
# Visual Studio 15
VisualStudioVersion = 15.0.26124.0
MinimumVisualStudioVersion = 15.0.26124.0
Project("{9A19103F-16F7-4668-BE54-9A1E7A4F7556}") = "DialogflowDemo", "DialogflowDemo\DialogflowDemo.csproj", "{A495E3C7-BF26-4743-860E-A186E2B3DB06}"
EndProject
Project("{9A19103F-16F7-4668-BE54-9A1E7A4F7556}") = "PopulateFirestore", "PopulateFirestore\PopulateFirestore.csproj", "{17325BBB-1362-4D26-9F4A-68D87957169D}"
EndProject
Project("{9A19103F-16F7-4668-BE54-9A1E7A4F7556}") = "MentorSearchModels", "MentorSearchModels\MentorSearchModels.csproj", "{9B7BC1F7-F5ED-4D79-8A90-794383985070}"
EndProject
Project("{FAE04EC0-301F-11D3-BF4B-00C04F79EFBC}") = "SearchTest", "SearchTest\SearchTest.csproj", "{232D854A-6EE4-49C7-8083-CDA5DE795ED3}"
EndProject
Global
	GlobalSection(SolutionConfigurationPlatforms) = preSolution
		Debug|Any CPU = Debug|Any CPU
		Debug|x64 = Debug|x64
		Debug|x86 = Debug|x86
		Release|Any CPU = Release|Any CPU
		Release|x64 = Release|x64
		Release|x86 = Release|x86
	EndGlobalSection
	GlobalSection(ProjectConfigurationPlatforms) = postSolution
		{A495E3C7-BF26-4743-860E-A186E2B3DB06}.Debug|Any CPU.ActiveCfg = Debug|Any CPU
		{A495E3C7-BF26-4743-860E-A186E2B3DB06}.Debug|Any CPU.Build.0 = Debug|Any CPU
		{A495E3C7-BF26-4743-860E-A186E2B3DB06}.Debug|x64.ActiveCfg = Debug|Any CPU
		{A495E3C7-BF26-4743-860E-A186E2B3DB06}.Debug|x64.Build.0 = Debug|Any CPU
		{A495E3C7-BF26-4743-860E-A186E2B3DB06}.Debug|x86.ActiveCfg = Debug|Any CPU
		{A495E3C7-BF26-4743-860E-A186E2B3DB06}.Debug|x86.Build.0 = Debug|Any CPU
		{A495E3C7-BF26-4743-860E-A186E2B3DB06}.Release|Any CPU.ActiveCfg = Release|Any CPU
		{A495E3C7-BF26-4743-860E-A186E2B3DB06}.Release|Any CPU.Build.0 = Release|Any CPU
		{A495E3C7-BF26-4743-860E-A186E2B3DB06}.Release|x64.ActiveCfg = Release|Any CPU
		{A495E3C7-BF26-4743-860E-A186E2B3DB06}.Release|x64.Build.0 = Release|Any CPU
		{A495E3C7-BF26-4743-860E-A186E2B3DB06}.Release|x86.ActiveCfg = Release|Any CPU
		{A495E3C7-BF26-4743-860E-A186E2B3DB06}.Release|x86.Build.0 = Release|Any CPU
		{17325BBB-1362-4D26-9F4A-68D87957169D}.Debug|Any CPU.ActiveCfg = Debug|Any CPU
		{17325BBB-1362-4D26-9F4A-68D87957169D}.Debug|Any CPU.Build.0 = Debug|Any CPU
		{17325BBB-1362-4D26-9F4A-68D87957169D}.Debug|x64.ActiveCfg = Debug|Any CPU
		{17325BBB-1362-4D26-9F4A-68D87957169D}.Debug|x64.Build.0 = Debug|Any CPU
		{17325BBB-1362-4D26-9F4A-68D87957169D}.Debug|x86.ActiveCfg = Debug|Any CPU
		{17325BBB-1362-4D26-9F4A-68D87957169D}.Debug|x86.Build.0 = Debug|Any CPU
		{17325BBB-1362-4D26-9F4A-68D87957169D}.Release|Any CPU.ActiveCfg = Release|Any CPU
		{17325BBB-1362-4D26-9F4A-68D87957169D}.Release|Any CPU.Build.0 = Release|Any CPU
		{17325BBB-1362-4D26-9F4A-68D87957169D}.Release|x64.ActiveCfg = Release|Any CPU
		{17325BBB-1362-4D26-9F4A-68D87957169D}.Release|x64.Build.0 = Release|Any CPU
		{17325BBB-1362-4D26-9F4A-68D87957169D}.Release|x86.ActiveCfg = Release|Any CPU
		{17325BBB-1362-4D26-9F4A-68D87957169D}.Release|x86.Build.0 = Release|Any CPU
		{9B7BC1F7-F5ED-4D79-8A90-794383985070}.Debug|Any CPU.ActiveCfg = Debug|Any CPU
		{9B7BC1F7-F5ED-4D79-8A90-794383985070}.Debug|Any CPU.Build.0 = Debug|Any CPU
		{9B7BC1F7-F5ED-4D79-8A90-794383985070}.Debug|x64.ActiveCfg = Debug|Any CPU
		{9B7BC1F7-F5ED-4D79-8A90-794383985070}.Debug|x64.Build.0 = Debug|Any CPU
		{9B7BC1F7-F5ED-4D79-8A90-794383985070}.Debug|x86.ActiveCfg = Debug|Any CPU
		{9B7BC1F7-F5ED-4D79-8A90-794383985070}.Debug|x86.Build.0 = Debug|Any CPU
		{9B7BC1F7-F5ED-4D79-8A90-794383985070}.Release|Any CPU.ActiveCfg = Release|Any CPU
		{9B7BC1F7-F5ED-4D79-8A90-794383985070}.Release|Any CPU.Build.0 = Release|Any CPU
		{9B7BC1F7-F5ED-4D79-8A90-794383985070}.Release|x64.ActiveCfg = Release|Any CPU
		{9B7BC1F7-F5ED-4D79-8A90-794383985070}.Release|x64.Build.0 = Release|Any CPU
		{9B7BC1F7-F5ED-4D79-8A90-794383985070}.Release|x86.ActiveCfg = Release|Any CPU
		{9B7BC1F7-F5ED-4D79-8A90-794383985070}.Release|x86.Build.0 = Release|Any CPU
		{232D854A-6EE4-49C7-8083-CDA5DE795ED3}.Debug|Any CPU.ActiveCfg = Debug|Any CPU
		{232D854A-6EE4-49C7-8083-CDA5DE795ED3}.Debug|Any CPU.Build.0 = Debug|Any CPU
		{232D854A-6EE4-49C7-8083-CDA5DE795ED3}.Debug|x64.ActiveCfg = Debug|Any CPU
		{232D854A-6EE4-49C7-8083-CDA5DE795ED3}.Debug|x64.Build.0 = Debug|Any CPU
		{232D854A-6EE4-49C7-8083-CDA5DE795ED3}.Debug|x86.ActiveCfg = Debug|Any CPU
		{232D854A-6EE4-49C7-8083-CDA5DE795ED3}.Debug|x86.Build.0 = Debug|Any CPU
		{232D854A-6EE4-49C7-8083-CDA5DE795ED3}.Release|Any CPU.ActiveCfg = Release|Any CPU
		{232D854A-6EE4-49C7-8083-CDA5DE795ED3}.Release|Any CPU.Build.0 = Release|Any CPU
		{232D854A-6EE4-49C7-8083-CDA5DE795ED3}.Release|x64.ActiveCfg = Release|Any CPU
		{232D854A-6EE4-49C7-8083-CDA5DE795ED3}.Release|x64.Build.0 = Release|Any CPU
		{232D854A-6EE4-49C7-8083-CDA5DE795ED3}.Release|x86.ActiveCfg = Release|Any CPU
		{232D854A-6EE4-49C7-8083-CDA5DE795ED3}.Release|x86.Build.0 = Release|Any CPU
	EndGlobalSection
	GlobalSection(SolutionProperties) = preSolution
		HideSolutionNode = FALSE
	EndGlobalSection
	GlobalSection(ExtensibilityGlobals) = postSolution
		SolutionGuid = {328A3195-75D0-47D4-B6A3-7473E5E1BEEB}
	EndGlobalSection
EndGlobal
