
Microsoft Visual Studio Solution File, Format Version 12.00
# Visual Studio 14
VisualStudioVersion = 14.0.24720.0
MinimumVisualStudioVersion = 10.0.40219.1
Project("{FAE04EC0-301F-11D3-BF4B-00C04F79EFBC}") = "Builder1", "Builder1\Builder1.csproj", "{A9A83551-E25C-47BC-B08C-3A9E13B5921B}"
EndProject
Project("{FAE04EC0-301F-11D3-BF4B-00C04F79EFBC}") = "Builder2", "Builder2\Builder2.csproj", "{314AD3EA-A90E-4263-B506-F0E5B760E2EA}"
EndProject
Project("{FAE04EC0-301F-11D3-BF4B-00C04F79EFBC}") = "Builder3", "Builder3\Builder3.csproj", "{0F2992E5-63B7-4974-9FDF-105E95C0F5D0}"
EndProject
Project("{FAE04EC0-301F-11D3-BF4B-00C04F79EFBC}") = "Slides", "Slides\Slides.csproj", "{60D0A02D-F36D-4ADF-BB9C-A826F9E0AE54}"
EndProject
Project("{FAE04EC0-301F-11D3-BF4B-00C04F79EFBC}") = "Withers", "Withers\Withers.csproj", "{F4258DC2-46A2-45C1-922A-5CEFFF787201}"
EndProject
Project("{FAE04EC0-301F-11D3-BF4B-00C04F79EFBC}") = "Record", "Record\Record.csproj", "{9A8B8B24-F9CC-4FF7-88B1-0F88E4D82BD2}"
EndProject
Global
	GlobalSection(SolutionConfigurationPlatforms) = preSolution
		Debug|Any CPU = Debug|Any CPU
		Release|Any CPU = Release|Any CPU
	EndGlobalSection
	GlobalSection(ProjectConfigurationPlatforms) = postSolution
		{A9A83551-E25C-47BC-B08C-3A9E13B5921B}.Debug|Any CPU.ActiveCfg = Debug|Any CPU
		{A9A83551-E25C-47BC-B08C-3A9E13B5921B}.Debug|Any CPU.Build.0 = Debug|Any CPU
		{A9A83551-E25C-47BC-B08C-3A9E13B5921B}.Release|Any CPU.ActiveCfg = Release|Any CPU
		{A9A83551-E25C-47BC-B08C-3A9E13B5921B}.Release|Any CPU.Build.0 = Release|Any CPU
		{314AD3EA-A90E-4263-B506-F0E5B760E2EA}.Debug|Any CPU.ActiveCfg = Debug|Any CPU
		{314AD3EA-A90E-4263-B506-F0E5B760E2EA}.Debug|Any CPU.Build.0 = Debug|Any CPU
		{314AD3EA-A90E-4263-B506-F0E5B760E2EA}.Release|Any CPU.ActiveCfg = Release|Any CPU
		{314AD3EA-A90E-4263-B506-F0E5B760E2EA}.Release|Any CPU.Build.0 = Release|Any CPU
		{0F2992E5-63B7-4974-9FDF-105E95C0F5D0}.Debug|Any CPU.ActiveCfg = Debug|Any CPU
		{0F2992E5-63B7-4974-9FDF-105E95C0F5D0}.Debug|Any CPU.Build.0 = Debug|Any CPU
		{0F2992E5-63B7-4974-9FDF-105E95C0F5D0}.Release|Any CPU.ActiveCfg = Release|Any CPU
		{0F2992E5-63B7-4974-9FDF-105E95C0F5D0}.Release|Any CPU.Build.0 = Release|Any CPU
		{60D0A02D-F36D-4ADF-BB9C-A826F9E0AE54}.Debug|Any CPU.ActiveCfg = Debug|Any CPU
		{60D0A02D-F36D-4ADF-BB9C-A826F9E0AE54}.Debug|Any CPU.Build.0 = Debug|Any CPU
		{60D0A02D-F36D-4ADF-BB9C-A826F9E0AE54}.Release|Any CPU.ActiveCfg = Release|Any CPU
		{60D0A02D-F36D-4ADF-BB9C-A826F9E0AE54}.Release|Any CPU.Build.0 = Release|Any CPU
		{F4258DC2-46A2-45C1-922A-5CEFFF787201}.Debug|Any CPU.ActiveCfg = Debug|Any CPU
		{F4258DC2-46A2-45C1-922A-5CEFFF787201}.Debug|Any CPU.Build.0 = Debug|Any CPU
		{F4258DC2-46A2-45C1-922A-5CEFFF787201}.Release|Any CPU.ActiveCfg = Release|Any CPU
		{F4258DC2-46A2-45C1-922A-5CEFFF787201}.Release|Any CPU.Build.0 = Release|Any CPU
		{9A8B8B24-F9CC-4FF7-88B1-0F88E4D82BD2}.Debug|Any CPU.ActiveCfg = Debug|Any CPU
		{9A8B8B24-F9CC-4FF7-88B1-0F88E4D82BD2}.Debug|Any CPU.Build.0 = Debug|Any CPU
		{9A8B8B24-F9CC-4FF7-88B1-0F88E4D82BD2}.Release|Any CPU.ActiveCfg = Release|Any CPU
		{9A8B8B24-F9CC-4FF7-88B1-0F88E4D82BD2}.Release|Any CPU.Build.0 = Release|Any CPU
	EndGlobalSection
	GlobalSection(SolutionProperties) = preSolution
		HideSolutionNode = FALSE
	EndGlobalSection
EndGlobal
