
Microsoft Visual Studio Solution File, Format Version 12.00
# Visual Studio Version 17
VisualStudioVersion = 17.2.32317.152
MinimumVisualStudioVersion = 10.0.40219.1
Project("{FAE04EC0-301F-11D3-BF4B-00C04F79EFBC}") = "MauiPlayground", "MauiPlayground\MauiPlayground.csproj", "{BFC0A97B-146A-4762-BFE9-691FD502DEE6}"
EndProject
Global
	GlobalSection(SolutionConfigurationPlatforms) = preSolution
		Debug|Any CPU = Debug|Any CPU
		Release|Any CPU = Release|Any CPU
	EndGlobalSection
	GlobalSection(ProjectConfigurationPlatforms) = postSolution
		{BFC0A97B-146A-4762-BFE9-691FD502DEE6}.Debug|Any CPU.ActiveCfg = Debug|Any CPU
		{BFC0A97B-146A-4762-BFE9-691FD502DEE6}.Debug|Any CPU.Build.0 = Debug|Any CPU
		{BFC0A97B-146A-4762-BFE9-691FD502DEE6}.Debug|Any CPU.Deploy.0 = Debug|Any CPU
		{BFC0A97B-146A-4762-BFE9-691FD502DEE6}.Release|Any CPU.ActiveCfg = Release|Any CPU
		{BFC0A97B-146A-4762-BFE9-691FD502DEE6}.Release|Any CPU.Build.0 = Release|Any CPU
		{BFC0A97B-146A-4762-BFE9-691FD502DEE6}.Release|Any CPU.Deploy.0 = Release|Any CPU
	EndGlobalSection
	GlobalSection(SolutionProperties) = preSolution
		HideSolutionNode = FALSE
	EndGlobalSection
	GlobalSection(ExtensibilityGlobals) = postSolution
		SolutionGuid = {5736480A-2315-4040-9238-617223C129B8}
	EndGlobalSection
EndGlobal
