
Microsoft Visual Studio Solution File, Format Version 12.00
# Visual Studio Version 17
VisualStudioVersion = 17.0.31903.59
MinimumVisualStudioVersion = 10.0.40219.1
Project("{9A19103F-16F7-4668-BE54-9A1E7A4F7556}") = "JonSkeet.WpfUtil", "JonSkeet.WpfUtil\JonSkeet.WpfUtil.csproj", "{3E6FAC79-B48A-4EB4-9746-75D061A46E61}"
EndProject
Project("{FAE04EC0-301F-11D3-BF4B-00C04F79EFBC}") = "JonSkeet.WpfLogging", "JonSkeet.WpfLogging\JonSkeet.WpfLogging.csproj", "{00D5CA3E-B233-4465-AC8F-590A39C69B8F}"
EndProject
Global
	GlobalSection(SolutionConfigurationPlatforms) = preSolution
		Debug|Any CPU = Debug|Any CPU
		Release|Any CPU = Release|Any CPU
	EndGlobalSection
	GlobalSection(ProjectConfigurationPlatforms) = postSolution
		{3E6FAC79-B48A-4EB4-9746-75D061A46E61}.Debug|Any CPU.ActiveCfg = Debug|Any CPU
		{3E6FAC79-B48A-4EB4-9746-75D061A46E61}.Debug|Any CPU.Build.0 = Debug|Any CPU
		{3E6FAC79-B48A-4EB4-9746-75D061A46E61}.Release|Any CPU.ActiveCfg = Release|Any CPU
		{3E6FAC79-B48A-4EB4-9746-75D061A46E61}.Release|Any CPU.Build.0 = Release|Any CPU
		{00D5CA3E-B233-4465-AC8F-590A39C69B8F}.Debug|Any CPU.ActiveCfg = Debug|Any CPU
		{00D5CA3E-B233-4465-AC8F-590A39C69B8F}.Debug|Any CPU.Build.0 = Debug|Any CPU
		{00D5CA3E-B233-4465-AC8F-590A39C69B8F}.Release|Any CPU.ActiveCfg = Release|Any CPU
		{00D5CA3E-B233-4465-AC8F-590A39C69B8F}.Release|Any CPU.Build.0 = Release|Any CPU
	EndGlobalSection
	GlobalSection(SolutionProperties) = preSolution
		HideSolutionNode = FALSE
	EndGlobalSection
	GlobalSection(ExtensibilityGlobals) = postSolution
		SolutionGuid = {EBE2CA9E-9847-4DFD-A9BA-6474FE4F0429}
	EndGlobalSection
EndGlobal
