<Solution>
  <Folder Name="/Solution items/">
    <File Path="../Directory.Packages.props" />
    <File Path="Directory.Build.props" />
    <File Path="Directory.Build.targets" />
  </Folder>
  <Project Path="JonSkeet.CoreAppUtil/JonSkeet.CoreAppUtil.csproj" />
  <Project Path="JonSkeet.WpfLogging/JonSkeet.WpfLogging.csproj" />
  <Project Path="JonSkeet.WpfUtil/JonSkeet.WpfUtil.csproj" />
</Solution>
