
Microsoft Visual Studio Solution File, Format Version 12.00
# Visual Studio Version 16
VisualStudioVersion = 16.0.30114.105
MinimumVisualStudioVersion = 10.0.40219.1
Project("{FAE04EC0-301F-11D3-BF4B-00C04F79EFBC}") = "IconPlatform.Model", "IconPlatform.Model\IconPlatform.Model.csproj", "{B99E7170-15A4-4CEB-AF0E-AE3F6AE7D07F}"
EndProject
Project("{FAE04EC0-301F-11D3-BF4B-00C04F79EFBC}") = "IconPlatform.ConsoleDemo", "IconPlatform.ConsoleDemo\IconPlatform.ConsoleDemo.csproj", "{013A1D1E-7096-446C-AC4B-72DF5E35E2C5}"
EndProject
Project("{FAE04EC0-301F-11D3-BF4B-00C04F79EFBC}") = "IconPlatform.MixerControl", "IconPlatform.MixerControl\IconPlatform.MixerControl.csproj", "{995C6A12-348D-4D2E-A553-46D6702C7572}"
EndProject
Project("{9A19103F-16F7-4668-BE54-9A1E7A4F7556}") = "OscMixerControl", "..\OscMixerControl\OscMixerControl\OscMixerControl.csproj", "{41D244F4-DDD2-4E7F-BD0D-B5289EAEFAC3}"
EndProject
Global
	GlobalSection(SolutionConfigurationPlatforms) = preSolution
		Debug|Any CPU = Debug|Any CPU
		Debug|x64 = Debug|x64
		Debug|x86 = Debug|x86
		Release|Any CPU = Release|Any CPU
		Release|x64 = Release|x64
		Release|x86 = Release|x86
	EndGlobalSection
	GlobalSection(ProjectConfigurationPlatforms) = postSolution
		{B99E7170-15A4-4CEB-AF0E-AE3F6AE7D07F}.Debug|Any CPU.ActiveCfg = Debug|Any CPU
		{B99E7170-15A4-4CEB-AF0E-AE3F6AE7D07F}.Debug|Any CPU.Build.0 = Debug|Any CPU
		{B99E7170-15A4-4CEB-AF0E-AE3F6AE7D07F}.Debug|x64.ActiveCfg = Debug|Any CPU
		{B99E7170-15A4-4CEB-AF0E-AE3F6AE7D07F}.Debug|x64.Build.0 = Debug|Any CPU
		{B99E7170-15A4-4CEB-AF0E-AE3F6AE7D07F}.Debug|x86.ActiveCfg = Debug|Any CPU
		{B99E7170-15A4-4CEB-AF0E-AE3F6AE7D07F}.Debug|x86.Build.0 = Debug|Any CPU
		{B99E7170-15A4-4CEB-AF0E-AE3F6AE7D07F}.Release|Any CPU.ActiveCfg = Release|Any CPU
		{B99E7170-15A4-4CEB-AF0E-AE3F6AE7D07F}.Release|Any CPU.Build.0 = Release|Any CPU
		{B99E7170-15A4-4CEB-AF0E-AE3F6AE7D07F}.Release|x64.ActiveCfg = Release|Any CPU
		{B99E7170-15A4-4CEB-AF0E-AE3F6AE7D07F}.Release|x64.Build.0 = Release|Any CPU
		{B99E7170-15A4-4CEB-AF0E-AE3F6AE7D07F}.Release|x86.ActiveCfg = Release|Any CPU
		{B99E7170-15A4-4CEB-AF0E-AE3F6AE7D07F}.Release|x86.Build.0 = Release|Any CPU
		{013A1D1E-7096-446C-AC4B-72DF5E35E2C5}.Debug|Any CPU.ActiveCfg = Debug|Any CPU
		{013A1D1E-7096-446C-AC4B-72DF5E35E2C5}.Debug|Any CPU.Build.0 = Debug|Any CPU
		{013A1D1E-7096-446C-AC4B-72DF5E35E2C5}.Debug|x64.ActiveCfg = Debug|Any CPU
		{013A1D1E-7096-446C-AC4B-72DF5E35E2C5}.Debug|x64.Build.0 = Debug|Any CPU
		{013A1D1E-7096-446C-AC4B-72DF5E35E2C5}.Debug|x86.ActiveCfg = Debug|Any CPU
		{013A1D1E-7096-446C-AC4B-72DF5E35E2C5}.Debug|x86.Build.0 = Debug|Any CPU
		{013A1D1E-7096-446C-AC4B-72DF5E35E2C5}.Release|Any CPU.ActiveCfg = Release|Any CPU
		{013A1D1E-7096-446C-AC4B-72DF5E35E2C5}.Release|Any CPU.Build.0 = Release|Any CPU
		{013A1D1E-7096-446C-AC4B-72DF5E35E2C5}.Release|x64.ActiveCfg = Release|Any CPU
		{013A1D1E-7096-446C-AC4B-72DF5E35E2C5}.Release|x64.Build.0 = Release|Any CPU
		{013A1D1E-7096-446C-AC4B-72DF5E35E2C5}.Release|x86.ActiveCfg = Release|Any CPU
		{013A1D1E-7096-446C-AC4B-72DF5E35E2C5}.Release|x86.Build.0 = Release|Any CPU
		{995C6A12-348D-4D2E-A553-46D6702C7572}.Debug|Any CPU.ActiveCfg = Debug|Any CPU
		{995C6A12-348D-4D2E-A553-46D6702C7572}.Debug|Any CPU.Build.0 = Debug|Any CPU
		{995C6A12-348D-4D2E-A553-46D6702C7572}.Debug|x64.ActiveCfg = Debug|Any CPU
		{995C6A12-348D-4D2E-A553-46D6702C7572}.Debug|x64.Build.0 = Debug|Any CPU
		{995C6A12-348D-4D2E-A553-46D6702C7572}.Debug|x86.ActiveCfg = Debug|Any CPU
		{995C6A12-348D-4D2E-A553-46D6702C7572}.Debug|x86.Build.0 = Debug|Any CPU
		{995C6A12-348D-4D2E-A553-46D6702C7572}.Release|Any CPU.ActiveCfg = Release|Any CPU
		{995C6A12-348D-4D2E-A553-46D6702C7572}.Release|Any CPU.Build.0 = Release|Any CPU
		{995C6A12-348D-4D2E-A553-46D6702C7572}.Release|x64.ActiveCfg = Release|Any CPU
		{995C6A12-348D-4D2E-A553-46D6702C7572}.Release|x64.Build.0 = Release|Any CPU
		{995C6A12-348D-4D2E-A553-46D6702C7572}.Release|x86.ActiveCfg = Release|Any CPU
		{995C6A12-348D-4D2E-A553-46D6702C7572}.Release|x86.Build.0 = Release|Any CPU
		{41D244F4-DDD2-4E7F-BD0D-B5289EAEFAC3}.Debug|Any CPU.ActiveCfg = Debug|Any CPU
		{41D244F4-DDD2-4E7F-BD0D-B5289EAEFAC3}.Debug|Any CPU.Build.0 = Debug|Any CPU
		{41D244F4-DDD2-4E7F-BD0D-B5289EAEFAC3}.Debug|x64.ActiveCfg = Debug|Any CPU
		{41D244F4-DDD2-4E7F-BD0D-B5289EAEFAC3}.Debug|x64.Build.0 = Debug|Any CPU
		{41D244F4-DDD2-4E7F-BD0D-B5289EAEFAC3}.Debug|x86.ActiveCfg = Debug|Any CPU
		{41D244F4-DDD2-4E7F-BD0D-B5289EAEFAC3}.Debug|x86.Build.0 = Debug|Any CPU
		{41D244F4-DDD2-4E7F-BD0D-B5289EAEFAC3}.Release|Any CPU.ActiveCfg = Release|Any CPU
		{41D244F4-DDD2-4E7F-BD0D-B5289EAEFAC3}.Release|Any CPU.Build.0 = Release|Any CPU
		{41D244F4-DDD2-4E7F-BD0D-B5289EAEFAC3}.Release|x64.ActiveCfg = Release|Any CPU
		{41D244F4-DDD2-4E7F-BD0D-B5289EAEFAC3}.Release|x64.Build.0 = Release|Any CPU
		{41D244F4-DDD2-4E7F-BD0D-B5289EAEFAC3}.Release|x86.ActiveCfg = Release|Any CPU
		{41D244F4-DDD2-4E7F-BD0D-B5289EAEFAC3}.Release|x86.Build.0 = Release|Any CPU
	EndGlobalSection
	GlobalSection(SolutionProperties) = preSolution
		HideSolutionNode = FALSE
	EndGlobalSection
	GlobalSection(ExtensibilityGlobals) = postSolution
		SolutionGuid = {0DBF8AB8-BC5A-4463-8E61-AF2FA47D1774}
	EndGlobalSection
EndGlobal
