
Microsoft Visual Studio Solution File, Format Version 12.00
# Visual Studio Version 17
VisualStudioVersion = 17.0.31903.59
MinimumVisualStudioVersion = 10.0.40219.1
Project("{FAE04EC0-301F-11D3-BF4B-00C04F79EFBC}") = "JonSkeet.RoslynAnalyzers", "JonSkeet.RoslynAnalyzers\JonSkeet.RoslynAnalyzers\JonSkeet.RoslynAnalyzers.csproj", "{08A37136-34DC-4E67-BE0F-C21675DE2C7F}"
EndProject
Project("{FAE04EC0-301F-11D3-BF4B-00C04F79EFBC}") = "JonSkeet.RoslynAnalyzers.CodeFixes", "JonSkeet.RoslynAnalyzers\JonSkeet.RoslynAnalyzers.CodeFixes\JonSkeet.RoslynAnalyzers.CodeFixes.csproj", "{463F0B5F-22CF-4B2F-9C4D-C83B4BC751EA}"
EndProject
Project("{FAE04EC0-301F-11D3-BF4B-00C04F79EFBC}") = "JonSkeet.RoslynAnalyzers.Package", "JonSkeet.RoslynAnalyzers\JonSkeet.RoslynAnalyzers.Package\JonSkeet.RoslynAnalyzers.Package.csproj", "{FCBBA14E-5CFA-4E59-B9ED-1DBB615FA741}"
EndProject
Project("{FAE04EC0-301F-11D3-BF4B-00C04F79EFBC}") = "JonSkeet.RoslynAnalyzers.Test", "JonSkeet.RoslynAnalyzers\JonSkeet.RoslynAnalyzers.Test\JonSkeet.RoslynAnalyzers.Test.csproj", "{FA5F1645-F6CD-4DEF-99C0-84F2913875EC}"
EndProject
Project("{FAE04EC0-301F-11D3-BF4B-00C04F79EFBC}") = "JonSkeet.RoslynAnalyzers.Vsix", "JonSkeet.RoslynAnalyzers\JonSkeet.RoslynAnalyzers.Vsix\JonSkeet.RoslynAnalyzers.Vsix.csproj", "{3D130F44-F121-45D1-AD49-A670EA70D4A1}"
EndProject
Global
	GlobalSection(SolutionConfigurationPlatforms) = preSolution
		Debug|Any CPU = Debug|Any CPU
		Release|Any CPU = Release|Any CPU
	EndGlobalSection
	GlobalSection(ProjectConfigurationPlatforms) = postSolution
		{08A37136-34DC-4E67-BE0F-C21675DE2C7F}.Debug|Any CPU.ActiveCfg = Debug|Any CPU
		{08A37136-34DC-4E67-BE0F-C21675DE2C7F}.Debug|Any CPU.Build.0 = Debug|Any CPU
		{08A37136-34DC-4E67-BE0F-C21675DE2C7F}.Release|Any CPU.ActiveCfg = Release|Any CPU
		{08A37136-34DC-4E67-BE0F-C21675DE2C7F}.Release|Any CPU.Build.0 = Release|Any CPU
		{463F0B5F-22CF-4B2F-9C4D-C83B4BC751EA}.Debug|Any CPU.ActiveCfg = Debug|Any CPU
		{463F0B5F-22CF-4B2F-9C4D-C83B4BC751EA}.Debug|Any CPU.Build.0 = Debug|Any CPU
		{463F0B5F-22CF-4B2F-9C4D-C83B4BC751EA}.Release|Any CPU.ActiveCfg = Release|Any CPU
		{463F0B5F-22CF-4B2F-9C4D-C83B4BC751EA}.Release|Any CPU.Build.0 = Release|Any CPU
		{FCBBA14E-5CFA-4E59-B9ED-1DBB615FA741}.Debug|Any CPU.ActiveCfg = Debug|Any CPU
		{FCBBA14E-5CFA-4E59-B9ED-1DBB615FA741}.Debug|Any CPU.Build.0 = Debug|Any CPU
		{FCBBA14E-5CFA-4E59-B9ED-1DBB615FA741}.Release|Any CPU.ActiveCfg = Release|Any CPU
		{FCBBA14E-5CFA-4E59-B9ED-1DBB615FA741}.Release|Any CPU.Build.0 = Release|Any CPU
		{FA5F1645-F6CD-4DEF-99C0-84F2913875EC}.Debug|Any CPU.ActiveCfg = Debug|Any CPU
		{FA5F1645-F6CD-4DEF-99C0-84F2913875EC}.Debug|Any CPU.Build.0 = Debug|Any CPU
		{FA5F1645-F6CD-4DEF-99C0-84F2913875EC}.Release|Any CPU.ActiveCfg = Release|Any CPU
		{FA5F1645-F6CD-4DEF-99C0-84F2913875EC}.Release|Any CPU.Build.0 = Release|Any CPU
		{3D130F44-F121-45D1-AD49-A670EA70D4A1}.Debug|Any CPU.ActiveCfg = Debug|Any CPU
		{3D130F44-F121-45D1-AD49-A670EA70D4A1}.Debug|Any CPU.Build.0 = Debug|Any CPU
		{3D130F44-F121-45D1-AD49-A670EA70D4A1}.Release|Any CPU.ActiveCfg = Release|Any CPU
		{3D130F44-F121-45D1-AD49-A670EA70D4A1}.Release|Any CPU.Build.0 = Release|Any CPU
	EndGlobalSection
	GlobalSection(SolutionProperties) = preSolution
		HideSolutionNode = FALSE
	EndGlobalSection
	GlobalSection(ExtensibilityGlobals) = postSolution
		SolutionGuid = {AE43714F-E6CF-4FF9-89E9-0F5263E6FCDB}
	EndGlobalSection
EndGlobal
