
Microsoft Visual Studio Solution File, Format Version 12.00
# Visual Studio Version 16
VisualStudioVersion = 16.0.28606.126
MinimumVisualStudioVersion = 15.0.26124.0
Project("{9A19103F-16F7-4668-BE54-9A1E7A4F7556}") = "Async", "Async\Async.csproj", "{2CC47FA2-D5EB-415C-AEE9-9C2518D8071D}"
EndProject
Project("{9A19103F-16F7-4668-BE54-9A1E7A4F7556}") = "Nullability", "Nullability\Nullability.csproj", "{20D52613-FEFE-4F42-92DF-636AA336C0DF}"
EndProject
Project("{9A19103F-16F7-4668-BE54-9A1E7A4F7556}") = "Patterns", "Patterns\Patterns.csproj", "{BEE0C7F0-2125-41DE-85F5-65D350523B6E}"
EndProject
Project("{9A19103F-16F7-4668-BE54-9A1E7A4F7556}") = "IndexAndRange", "IndexAndRange\IndexAndRange.csproj", "{5A971B5E-1FE6-4FD5-9004-14949811DB81}"
EndProject
Project("{FAE04EC0-301F-11D3-BF4B-00C04F79EFBC}") = "MinorFeatures", "MinorFeatures\MinorFeatures.csproj", "{86ABF7A1-B99B-4868-A4D7-05150BF112F3}"
EndProject
Project("{FAE04EC0-301F-11D3-BF4B-00C04F79EFBC}") = "DefaultInterfaceMethods", "DefaultInterfaceMethods\DefaultInterfaceMethods.csproj", "{822A76E0-8667-477A-9FF8-A8D202AA544A}"
EndProject
Global
	GlobalSection(SolutionConfigurationPlatforms) = preSolution
		Debug|Any CPU = Debug|Any CPU
		Debug|x64 = Debug|x64
		Debug|x86 = Debug|x86
		Release|Any CPU = Release|Any CPU
		Release|x64 = Release|x64
		Release|x86 = Release|x86
	EndGlobalSection
	GlobalSection(ProjectConfigurationPlatforms) = postSolution
		{2CC47FA2-D5EB-415C-AEE9-9C2518D8071D}.Debug|Any CPU.ActiveCfg = Debug|Any CPU
		{2CC47FA2-D5EB-415C-AEE9-9C2518D8071D}.Debug|Any CPU.Build.0 = Debug|Any CPU
		{2CC47FA2-D5EB-415C-AEE9-9C2518D8071D}.Debug|x64.ActiveCfg = Debug|Any CPU
		{2CC47FA2-D5EB-415C-AEE9-9C2518D8071D}.Debug|x64.Build.0 = Debug|Any CPU
		{2CC47FA2-D5EB-415C-AEE9-9C2518D8071D}.Debug|x86.ActiveCfg = Debug|Any CPU
		{2CC47FA2-D5EB-415C-AEE9-9C2518D8071D}.Debug|x86.Build.0 = Debug|Any CPU
		{2CC47FA2-D5EB-415C-AEE9-9C2518D8071D}.Release|Any CPU.ActiveCfg = Release|Any CPU
		{2CC47FA2-D5EB-415C-AEE9-9C2518D8071D}.Release|Any CPU.Build.0 = Release|Any CPU
		{2CC47FA2-D5EB-415C-AEE9-9C2518D8071D}.Release|x64.ActiveCfg = Release|Any CPU
		{2CC47FA2-D5EB-415C-AEE9-9C2518D8071D}.Release|x64.Build.0 = Release|Any CPU
		{2CC47FA2-D5EB-415C-AEE9-9C2518D8071D}.Release|x86.ActiveCfg = Release|Any CPU
		{2CC47FA2-D5EB-415C-AEE9-9C2518D8071D}.Release|x86.Build.0 = Release|Any CPU
		{20D52613-FEFE-4F42-92DF-636AA336C0DF}.Debug|Any CPU.ActiveCfg = Debug|Any CPU
		{20D52613-FEFE-4F42-92DF-636AA336C0DF}.Debug|Any CPU.Build.0 = Debug|Any CPU
		{20D52613-FEFE-4F42-92DF-636AA336C0DF}.Debug|x64.ActiveCfg = Debug|Any CPU
		{20D52613-FEFE-4F42-92DF-636AA336C0DF}.Debug|x64.Build.0 = Debug|Any CPU
		{20D52613-FEFE-4F42-92DF-636AA336C0DF}.Debug|x86.ActiveCfg = Debug|Any CPU
		{20D52613-FEFE-4F42-92DF-636AA336C0DF}.Debug|x86.Build.0 = Debug|Any CPU
		{20D52613-FEFE-4F42-92DF-636AA336C0DF}.Release|Any CPU.ActiveCfg = Release|Any CPU
		{20D52613-FEFE-4F42-92DF-636AA336C0DF}.Release|Any CPU.Build.0 = Release|Any CPU
		{20D52613-FEFE-4F42-92DF-636AA336C0DF}.Release|x64.ActiveCfg = Release|Any CPU
		{20D52613-FEFE-4F42-92DF-636AA336C0DF}.Release|x64.Build.0 = Release|Any CPU
		{20D52613-FEFE-4F42-92DF-636AA336C0DF}.Release|x86.ActiveCfg = Release|Any CPU
		{20D52613-FEFE-4F42-92DF-636AA336C0DF}.Release|x86.Build.0 = Release|Any CPU
		{BEE0C7F0-2125-41DE-85F5-65D350523B6E}.Debug|Any CPU.ActiveCfg = Debug|Any CPU
		{BEE0C7F0-2125-41DE-85F5-65D350523B6E}.Debug|Any CPU.Build.0 = Debug|Any CPU
		{BEE0C7F0-2125-41DE-85F5-65D350523B6E}.Debug|x64.ActiveCfg = Debug|Any CPU
		{BEE0C7F0-2125-41DE-85F5-65D350523B6E}.Debug|x64.Build.0 = Debug|Any CPU
		{BEE0C7F0-2125-41DE-85F5-65D350523B6E}.Debug|x86.ActiveCfg = Debug|Any CPU
		{BEE0C7F0-2125-41DE-85F5-65D350523B6E}.Debug|x86.Build.0 = Debug|Any CPU
		{BEE0C7F0-2125-41DE-85F5-65D350523B6E}.Release|Any CPU.ActiveCfg = Release|Any CPU
		{BEE0C7F0-2125-41DE-85F5-65D350523B6E}.Release|Any CPU.Build.0 = Release|Any CPU
		{BEE0C7F0-2125-41DE-85F5-65D350523B6E}.Release|x64.ActiveCfg = Release|Any CPU
		{BEE0C7F0-2125-41DE-85F5-65D350523B6E}.Release|x64.Build.0 = Release|Any CPU
		{BEE0C7F0-2125-41DE-85F5-65D350523B6E}.Release|x86.ActiveCfg = Release|Any CPU
		{BEE0C7F0-2125-41DE-85F5-65D350523B6E}.Release|x86.Build.0 = Release|Any CPU
		{5A971B5E-1FE6-4FD5-9004-14949811DB81}.Debug|Any CPU.ActiveCfg = Debug|Any CPU
		{5A971B5E-1FE6-4FD5-9004-14949811DB81}.Debug|Any CPU.Build.0 = Debug|Any CPU
		{5A971B5E-1FE6-4FD5-9004-14949811DB81}.Debug|x64.ActiveCfg = Debug|Any CPU
		{5A971B5E-1FE6-4FD5-9004-14949811DB81}.Debug|x64.Build.0 = Debug|Any CPU
		{5A971B5E-1FE6-4FD5-9004-14949811DB81}.Debug|x86.ActiveCfg = Debug|Any CPU
		{5A971B5E-1FE6-4FD5-9004-14949811DB81}.Debug|x86.Build.0 = Debug|Any CPU
		{5A971B5E-1FE6-4FD5-9004-14949811DB81}.Release|Any CPU.ActiveCfg = Release|Any CPU
		{5A971B5E-1FE6-4FD5-9004-14949811DB81}.Release|Any CPU.Build.0 = Release|Any CPU
		{5A971B5E-1FE6-4FD5-9004-14949811DB81}.Release|x64.ActiveCfg = Release|Any CPU
		{5A971B5E-1FE6-4FD5-9004-14949811DB81}.Release|x64.Build.0 = Release|Any CPU
		{5A971B5E-1FE6-4FD5-9004-14949811DB81}.Release|x86.ActiveCfg = Release|Any CPU
		{5A971B5E-1FE6-4FD5-9004-14949811DB81}.Release|x86.Build.0 = Release|Any CPU
		{86ABF7A1-B99B-4868-A4D7-05150BF112F3}.Debug|Any CPU.ActiveCfg = Debug|Any CPU
		{86ABF7A1-B99B-4868-A4D7-05150BF112F3}.Debug|Any CPU.Build.0 = Debug|Any CPU
		{86ABF7A1-B99B-4868-A4D7-05150BF112F3}.Debug|x64.ActiveCfg = Debug|Any CPU
		{86ABF7A1-B99B-4868-A4D7-05150BF112F3}.Debug|x64.Build.0 = Debug|Any CPU
		{86ABF7A1-B99B-4868-A4D7-05150BF112F3}.Debug|x86.ActiveCfg = Debug|Any CPU
		{86ABF7A1-B99B-4868-A4D7-05150BF112F3}.Debug|x86.Build.0 = Debug|Any CPU
		{86ABF7A1-B99B-4868-A4D7-05150BF112F3}.Release|Any CPU.ActiveCfg = Release|Any CPU
		{86ABF7A1-B99B-4868-A4D7-05150BF112F3}.Release|Any CPU.Build.0 = Release|Any CPU
		{86ABF7A1-B99B-4868-A4D7-05150BF112F3}.Release|x64.ActiveCfg = Release|Any CPU
		{86ABF7A1-B99B-4868-A4D7-05150BF112F3}.Release|x64.Build.0 = Release|Any CPU
		{86ABF7A1-B99B-4868-A4D7-05150BF112F3}.Release|x86.ActiveCfg = Release|Any CPU
		{86ABF7A1-B99B-4868-A4D7-05150BF112F3}.Release|x86.Build.0 = Release|Any CPU
		{822A76E0-8667-477A-9FF8-A8D202AA544A}.Debug|Any CPU.ActiveCfg = Debug|Any CPU
		{822A76E0-8667-477A-9FF8-A8D202AA544A}.Debug|Any CPU.Build.0 = Debug|Any CPU
		{822A76E0-8667-477A-9FF8-A8D202AA544A}.Debug|x64.ActiveCfg = Debug|Any CPU
		{822A76E0-8667-477A-9FF8-A8D202AA544A}.Debug|x64.Build.0 = Debug|Any CPU
		{822A76E0-8667-477A-9FF8-A8D202AA544A}.Debug|x86.ActiveCfg = Debug|Any CPU
		{822A76E0-8667-477A-9FF8-A8D202AA544A}.Debug|x86.Build.0 = Debug|Any CPU
		{822A76E0-8667-477A-9FF8-A8D202AA544A}.Release|Any CPU.ActiveCfg = Release|Any CPU
		{822A76E0-8667-477A-9FF8-A8D202AA544A}.Release|Any CPU.Build.0 = Release|Any CPU
		{822A76E0-8667-477A-9FF8-A8D202AA544A}.Release|x64.ActiveCfg = Release|Any CPU
		{822A76E0-8667-477A-9FF8-A8D202AA544A}.Release|x64.Build.0 = Release|Any CPU
		{822A76E0-8667-477A-9FF8-A8D202AA544A}.Release|x86.ActiveCfg = Release|Any CPU
		{822A76E0-8667-477A-9FF8-A8D202AA544A}.Release|x86.Build.0 = Release|Any CPU
	EndGlobalSection
	GlobalSection(SolutionProperties) = preSolution
		HideSolutionNode = FALSE
	EndGlobalSection
	GlobalSection(ExtensibilityGlobals) = postSolution
		SolutionGuid = {8462F03E-8D03-4D22-98CB-9BD4E9873254}
	EndGlobalSection
EndGlobal
