
Microsoft Visual Studio Solution File, Format Version 12.00
# Visual Studio Version 16
VisualStudioVersion = 16.0.29102.190
MinimumVisualStudioVersion = 15.0.26124.0
Project("{9A19103F-16F7-4668-BE54-9A1E7A4F7556}") = "VDrumExplorer.Data", "VDrumExplorer.Data\VDrumExplorer.Data.csproj", "{53BC85A8-8FA3-4AF4-857A-E52AC57E8773}"
EndProject
Project("{9A19103F-16F7-4668-BE54-9A1E7A4F7556}") = "VDrumExplorer.Data.Test", "VDrumExplorer.Data.Test\VDrumExplorer.Data.Test.csproj", "{424AEBFD-672C-43DD-BFEA-7192028F5BD1}"
EndProject
Project("{9A19103F-16F7-4668-BE54-9A1E7A4F7556}") = "VDrumExplorer.Midi", "VDrumExplorer.Midi\VDrumExplorer.Midi.csproj", "{1F233567-18DA-47DB-AB55-7BEE9DB1336D}"
EndProject
Project("{9A19103F-16F7-4668-BE54-9A1E7A4F7556}") = "VDrumExplorer.Console", "VDrumExplorer.Console\VDrumExplorer.Console.csproj", "{2346D21D-F46F-4EEC-933E-5181993ADA67}"
EndProject
Project("{9A19103F-16F7-4668-BE54-9A1E7A4F7556}") = "VDrumExplorer.Wpf", "VDrumExplorer.Wpf\VDrumExplorer.Wpf.csproj", "{4D227C70-F0D5-4354-A2E6-D2A884123DDA}"
EndProject
Global
	GlobalSection(SolutionConfigurationPlatforms) = preSolution
		Debug|Any CPU = Debug|Any CPU
		Debug|x64 = Debug|x64
		Debug|x86 = Debug|x86
		Release|Any CPU = Release|Any CPU
		Release|x64 = Release|x64
		Release|x86 = Release|x86
	EndGlobalSection
	GlobalSection(ProjectConfigurationPlatforms) = postSolution
		{53BC85A8-8FA3-4AF4-857A-E52AC57E8773}.Debug|Any CPU.ActiveCfg = Debug|Any CPU
		{53BC85A8-8FA3-4AF4-857A-E52AC57E8773}.Debug|Any CPU.Build.0 = Debug|Any CPU
		{53BC85A8-8FA3-4AF4-857A-E52AC57E8773}.Debug|x64.ActiveCfg = Debug|Any CPU
		{53BC85A8-8FA3-4AF4-857A-E52AC57E8773}.Debug|x64.Build.0 = Debug|Any CPU
		{53BC85A8-8FA3-4AF4-857A-E52AC57E8773}.Debug|x86.ActiveCfg = Debug|Any CPU
		{53BC85A8-8FA3-4AF4-857A-E52AC57E8773}.Debug|x86.Build.0 = Debug|Any CPU
		{53BC85A8-8FA3-4AF4-857A-E52AC57E8773}.Release|Any CPU.ActiveCfg = Release|Any CPU
		{53BC85A8-8FA3-4AF4-857A-E52AC57E8773}.Release|Any CPU.Build.0 = Release|Any CPU
		{53BC85A8-8FA3-4AF4-857A-E52AC57E8773}.Release|x64.ActiveCfg = Release|Any CPU
		{53BC85A8-8FA3-4AF4-857A-E52AC57E8773}.Release|x64.Build.0 = Release|Any CPU
		{53BC85A8-8FA3-4AF4-857A-E52AC57E8773}.Release|x86.ActiveCfg = Release|Any CPU
		{53BC85A8-8FA3-4AF4-857A-E52AC57E8773}.Release|x86.Build.0 = Release|Any CPU
		{424AEBFD-672C-43DD-BFEA-7192028F5BD1}.Debug|Any CPU.ActiveCfg = Debug|Any CPU
		{424AEBFD-672C-43DD-BFEA-7192028F5BD1}.Debug|Any CPU.Build.0 = Debug|Any CPU
		{424AEBFD-672C-43DD-BFEA-7192028F5BD1}.Debug|x64.ActiveCfg = Debug|Any CPU
		{424AEBFD-672C-43DD-BFEA-7192028F5BD1}.Debug|x64.Build.0 = Debug|Any CPU
		{424AEBFD-672C-43DD-BFEA-7192028F5BD1}.Debug|x86.ActiveCfg = Debug|Any CPU
		{424AEBFD-672C-43DD-BFEA-7192028F5BD1}.Debug|x86.Build.0 = Debug|Any CPU
		{424AEBFD-672C-43DD-BFEA-7192028F5BD1}.Release|Any CPU.ActiveCfg = Release|Any CPU
		{424AEBFD-672C-43DD-BFEA-7192028F5BD1}.Release|Any CPU.Build.0 = Release|Any CPU
		{424AEBFD-672C-43DD-BFEA-7192028F5BD1}.Release|x64.ActiveCfg = Release|Any CPU
		{424AEBFD-672C-43DD-BFEA-7192028F5BD1}.Release|x64.Build.0 = Release|Any CPU
		{424AEBFD-672C-43DD-BFEA-7192028F5BD1}.Release|x86.ActiveCfg = Release|Any CPU
		{424AEBFD-672C-43DD-BFEA-7192028F5BD1}.Release|x86.Build.0 = Release|Any CPU
		{1F233567-18DA-47DB-AB55-7BEE9DB1336D}.Debug|Any CPU.ActiveCfg = Debug|Any CPU
		{1F233567-18DA-47DB-AB55-7BEE9DB1336D}.Debug|Any CPU.Build.0 = Debug|Any CPU
		{1F233567-18DA-47DB-AB55-7BEE9DB1336D}.Debug|x64.ActiveCfg = Debug|Any CPU
		{1F233567-18DA-47DB-AB55-7BEE9DB1336D}.Debug|x64.Build.0 = Debug|Any CPU
		{1F233567-18DA-47DB-AB55-7BEE9DB1336D}.Debug|x86.ActiveCfg = Debug|Any CPU
		{1F233567-18DA-47DB-AB55-7BEE9DB1336D}.Debug|x86.Build.0 = Debug|Any CPU
		{1F233567-18DA-47DB-AB55-7BEE9DB1336D}.Release|Any CPU.ActiveCfg = Release|Any CPU
		{1F233567-18DA-47DB-AB55-7BEE9DB1336D}.Release|Any CPU.Build.0 = Release|Any CPU
		{1F233567-18DA-47DB-AB55-7BEE9DB1336D}.Release|x64.ActiveCfg = Release|Any CPU
		{1F233567-18DA-47DB-AB55-7BEE9DB1336D}.Release|x64.Build.0 = Release|Any CPU
		{1F233567-18DA-47DB-AB55-7BEE9DB1336D}.Release|x86.ActiveCfg = Release|Any CPU
		{1F233567-18DA-47DB-AB55-7BEE9DB1336D}.Release|x86.Build.0 = Release|Any CPU
		{2346D21D-F46F-4EEC-933E-5181993ADA67}.Debug|Any CPU.ActiveCfg = Debug|Any CPU
		{2346D21D-F46F-4EEC-933E-5181993ADA67}.Debug|Any CPU.Build.0 = Debug|Any CPU
		{2346D21D-F46F-4EEC-933E-5181993ADA67}.Debug|x64.ActiveCfg = Debug|Any CPU
		{2346D21D-F46F-4EEC-933E-5181993ADA67}.Debug|x64.Build.0 = Debug|Any CPU
		{2346D21D-F46F-4EEC-933E-5181993ADA67}.Debug|x86.ActiveCfg = Debug|Any CPU
		{2346D21D-F46F-4EEC-933E-5181993ADA67}.Debug|x86.Build.0 = Debug|Any CPU
		{2346D21D-F46F-4EEC-933E-5181993ADA67}.Release|Any CPU.ActiveCfg = Release|Any CPU
		{2346D21D-F46F-4EEC-933E-5181993ADA67}.Release|Any CPU.Build.0 = Release|Any CPU
		{2346D21D-F46F-4EEC-933E-5181993ADA67}.Release|x64.ActiveCfg = Release|Any CPU
		{2346D21D-F46F-4EEC-933E-5181993ADA67}.Release|x64.Build.0 = Release|Any CPU
		{2346D21D-F46F-4EEC-933E-5181993ADA67}.Release|x86.ActiveCfg = Release|Any CPU
		{2346D21D-F46F-4EEC-933E-5181993ADA67}.Release|x86.Build.0 = Release|Any CPU
		{4D227C70-F0D5-4354-A2E6-D2A884123DDA}.Debug|Any CPU.ActiveCfg = Debug|Any CPU
		{4D227C70-F0D5-4354-A2E6-D2A884123DDA}.Debug|Any CPU.Build.0 = Debug|Any CPU
		{4D227C70-F0D5-4354-A2E6-D2A884123DDA}.Debug|x64.ActiveCfg = Debug|Any CPU
		{4D227C70-F0D5-4354-A2E6-D2A884123DDA}.Debug|x64.Build.0 = Debug|Any CPU
		{4D227C70-F0D5-4354-A2E6-D2A884123DDA}.Debug|x86.ActiveCfg = Debug|Any CPU
		{4D227C70-F0D5-4354-A2E6-D2A884123DDA}.Debug|x86.Build.0 = Debug|Any CPU
		{4D227C70-F0D5-4354-A2E6-D2A884123DDA}.Release|Any CPU.ActiveCfg = Release|Any CPU
		{4D227C70-F0D5-4354-A2E6-D2A884123DDA}.Release|Any CPU.Build.0 = Release|Any CPU
		{4D227C70-F0D5-4354-A2E6-D2A884123DDA}.Release|x64.ActiveCfg = Release|Any CPU
		{4D227C70-F0D5-4354-A2E6-D2A884123DDA}.Release|x64.Build.0 = Release|Any CPU
		{4D227C70-F0D5-4354-A2E6-D2A884123DDA}.Release|x86.ActiveCfg = Release|Any CPU
		{4D227C70-F0D5-4354-A2E6-D2A884123DDA}.Release|x86.Build.0 = Release|Any CPU
	EndGlobalSection
	GlobalSection(SolutionProperties) = preSolution
		HideSolutionNode = FALSE
	EndGlobalSection
	GlobalSection(ExtensibilityGlobals) = postSolution
		SolutionGuid = {0D66AD4A-D6B5-4C04-A0BA-83A0C5A2B062}
	EndGlobalSection
EndGlobal
