
Microsoft Visual Studio Solution File, Format Version 12.00
# Visual Studio Version 16
VisualStudioVersion = 16.0.29102.190
MinimumVisualStudioVersion = 15.0.26124.0
Project("{9A19103F-16F7-4668-BE54-9A1E7A4F7556}") = "VDrumExplorer.Data", "VDrumExplorer.Data\VDrumExplorer.Data.csproj", "{53BC85A8-8FA3-4AF4-857A-E52AC57E8773}"
EndProject
Project("{9A19103F-16F7-4668-BE54-9A1E7A4F7556}") = "VDrumExplorer.Data.Test", "VDrumExplorer.Data.Test\VDrumExplorer.Data.Test.csproj", "{424AEBFD-672C-43DD-BFEA-7192028F5BD1}"
EndProject
Project("{9A19103F-16F7-4668-BE54-9A1E7A4F7556}") = "VDrumExplorer.Midi", "VDrumExplorer.Midi\VDrumExplorer.Midi.csproj", "{1F233567-18DA-47DB-AB55-7BEE9DB1336D}"
EndProject
Project("{9A19103F-16F7-4668-BE54-9A1E7A4F7556}") = "VDrumExplorer.Console", "VDrumExplorer.Console\VDrumExplorer.Console.csproj", "{2346D21D-F46F-4EEC-933E-5181993ADA67}"
EndProject
Project("{9A19103F-16F7-4668-BE54-9A1E7A4F7556}") = "VDrumExplorer.Wpf", "VDrumExplorer.Wpf\VDrumExplorer.Wpf.csproj", "{4D227C70-F0D5-4354-A2E6-D2A884123DDA}"
EndProject
Project("{930C7802-8A8C-48F9-8165-68863BCCD9DD}") = "VDrumExplorer.Setup", "VDrumExplorer.Setup\VDrumExplorer.Setup.wixproj", "{23A40C39-8777-43ED-80B1-0320B0422837}"
EndProject
Project("{9A19103F-16F7-4668-BE54-9A1E7A4F7556}") = "VDrumExplorer.Model", "VDrumExplorer.Model\VDrumExplorer.Model.csproj", "{56E4D0FF-8EDD-4E98-B0A8-C9EEADC3CACF}"
EndProject
Project("{9A19103F-16F7-4668-BE54-9A1E7A4F7556}") = "VDrumExplorer.Model.Test", "VDrumExplorer.Model.Test\VDrumExplorer.Model.Test.csproj", "{DC566EA7-48F0-4EBD-867A-059BD077CEC2}"
EndProject
Project("{9A19103F-16F7-4668-BE54-9A1E7A4F7556}") = "VDrumExplorer.Gui", "VDrumExplorer.Gui\VDrumExplorer.Gui.csproj", "{DAFCEAED-37E4-43C2-AD93-38308AC1E2AE}"
EndProject
Project("{9A19103F-16F7-4668-BE54-9A1E7A4F7556}") = "VDrumExplorer.ViewModel", "VDrumExplorer.ViewModel\VDrumExplorer.ViewModel.csproj", "{1E76FDD9-9F71-4FEB-9078-CE255BACD9BD}"
EndProject
Project("{9A19103F-16F7-4668-BE54-9A1E7A4F7556}") = "VDrumExplorer.ViewModel.Test", "VDrumExplorer.ViewModel.Test\VDrumExplorer.ViewModel.Test.csproj", "{42D83A81-DD28-4448-BEF2-D2A084FCC550}"
EndProject
Project("{9A19103F-16F7-4668-BE54-9A1E7A4F7556}") = "VDrumExplorer.Proto", "VDrumExplorer.Proto\VDrumExplorer.Proto.csproj", "{F617E4A5-699A-4317-B516-00479CAF2073}"
EndProject
Project("{9A19103F-16F7-4668-BE54-9A1E7A4F7556}") = "VDrumExplorer.Utility", "VDrumExplorer.Utility\VDrumExplorer.Utility.csproj", "{E81C2EE7-6B20-47AA-8BE9-8724F1E6B0F2}"
EndProject
Project("{FAE04EC0-301F-11D3-BF4B-00C04F79EFBC}") = "VDrumExplorer.Benchmarks", "VDrumExplorer.Benchmarks\VDrumExplorer.Benchmarks.csproj", "{9B52264C-6557-4492-8C84-70181EB823FE}"
EndProject
Global
	GlobalSection(SolutionConfigurationPlatforms) = preSolution
		Debug|Any CPU = Debug|Any CPU
		Debug|x64 = Debug|x64
		Debug|x86 = Debug|x86
		Release|Any CPU = Release|Any CPU
		Release|x64 = Release|x64
		Release|x86 = Release|x86
	EndGlobalSection
	GlobalSection(ProjectConfigurationPlatforms) = postSolution
		{53BC85A8-8FA3-4AF4-857A-E52AC57E8773}.Debug|Any CPU.ActiveCfg = Debug|Any CPU
		{53BC85A8-8FA3-4AF4-857A-E52AC57E8773}.Debug|Any CPU.Build.0 = Debug|Any CPU
		{53BC85A8-8FA3-4AF4-857A-E52AC57E8773}.Debug|x64.ActiveCfg = Debug|Any CPU
		{53BC85A8-8FA3-4AF4-857A-E52AC57E8773}.Debug|x64.Build.0 = Debug|Any CPU
		{53BC85A8-8FA3-4AF4-857A-E52AC57E8773}.Debug|x86.ActiveCfg = Debug|Any CPU
		{53BC85A8-8FA3-4AF4-857A-E52AC57E8773}.Debug|x86.Build.0 = Debug|Any CPU
		{53BC85A8-8FA3-4AF4-857A-E52AC57E8773}.Release|Any CPU.ActiveCfg = Release|Any CPU
		{53BC85A8-8FA3-4AF4-857A-E52AC57E8773}.Release|Any CPU.Build.0 = Release|Any CPU
		{53BC85A8-8FA3-4AF4-857A-E52AC57E8773}.Release|x64.ActiveCfg = Release|Any CPU
		{53BC85A8-8FA3-4AF4-857A-E52AC57E8773}.Release|x64.Build.0 = Release|Any CPU
		{53BC85A8-8FA3-4AF4-857A-E52AC57E8773}.Release|x86.ActiveCfg = Release|Any CPU
		{53BC85A8-8FA3-4AF4-857A-E52AC57E8773}.Release|x86.Build.0 = Release|Any CPU
		{424AEBFD-672C-43DD-BFEA-7192028F5BD1}.Debug|Any CPU.ActiveCfg = Debug|Any CPU
		{424AEBFD-672C-43DD-BFEA-7192028F5BD1}.Debug|Any CPU.Build.0 = Debug|Any CPU
		{424AEBFD-672C-43DD-BFEA-7192028F5BD1}.Debug|x64.ActiveCfg = Debug|Any CPU
		{424AEBFD-672C-43DD-BFEA-7192028F5BD1}.Debug|x64.Build.0 = Debug|Any CPU
		{424AEBFD-672C-43DD-BFEA-7192028F5BD1}.Debug|x86.ActiveCfg = Debug|Any CPU
		{424AEBFD-672C-43DD-BFEA-7192028F5BD1}.Debug|x86.Build.0 = Debug|Any CPU
		{424AEBFD-672C-43DD-BFEA-7192028F5BD1}.Release|Any CPU.ActiveCfg = Release|Any CPU
		{424AEBFD-672C-43DD-BFEA-7192028F5BD1}.Release|Any CPU.Build.0 = Release|Any CPU
		{424AEBFD-672C-43DD-BFEA-7192028F5BD1}.Release|x64.ActiveCfg = Release|Any CPU
		{424AEBFD-672C-43DD-BFEA-7192028F5BD1}.Release|x64.Build.0 = Release|Any CPU
		{424AEBFD-672C-43DD-BFEA-7192028F5BD1}.Release|x86.ActiveCfg = Release|Any CPU
		{424AEBFD-672C-43DD-BFEA-7192028F5BD1}.Release|x86.Build.0 = Release|Any CPU
		{1F233567-18DA-47DB-AB55-7BEE9DB1336D}.Debug|Any CPU.ActiveCfg = Debug|Any CPU
		{1F233567-18DA-47DB-AB55-7BEE9DB1336D}.Debug|Any CPU.Build.0 = Debug|Any CPU
		{1F233567-18DA-47DB-AB55-7BEE9DB1336D}.Debug|x64.ActiveCfg = Debug|Any CPU
		{1F233567-18DA-47DB-AB55-7BEE9DB1336D}.Debug|x64.Build.0 = Debug|Any CPU
		{1F233567-18DA-47DB-AB55-7BEE9DB1336D}.Debug|x86.ActiveCfg = Debug|Any CPU
		{1F233567-18DA-47DB-AB55-7BEE9DB1336D}.Debug|x86.Build.0 = Debug|Any CPU
		{1F233567-18DA-47DB-AB55-7BEE9DB1336D}.Release|Any CPU.ActiveCfg = Release|Any CPU
		{1F233567-18DA-47DB-AB55-7BEE9DB1336D}.Release|Any CPU.Build.0 = Release|Any CPU
		{1F233567-18DA-47DB-AB55-7BEE9DB1336D}.Release|x64.ActiveCfg = Release|Any CPU
		{1F233567-18DA-47DB-AB55-7BEE9DB1336D}.Release|x64.Build.0 = Release|Any CPU
		{1F233567-18DA-47DB-AB55-7BEE9DB1336D}.Release|x86.ActiveCfg = Release|Any CPU
		{1F233567-18DA-47DB-AB55-7BEE9DB1336D}.Release|x86.Build.0 = Release|Any CPU
		{2346D21D-F46F-4EEC-933E-5181993ADA67}.Debug|Any CPU.ActiveCfg = Debug|Any CPU
		{2346D21D-F46F-4EEC-933E-5181993ADA67}.Debug|Any CPU.Build.0 = Debug|Any CPU
		{2346D21D-F46F-4EEC-933E-5181993ADA67}.Debug|x64.ActiveCfg = Debug|Any CPU
		{2346D21D-F46F-4EEC-933E-5181993ADA67}.Debug|x64.Build.0 = Debug|Any CPU
		{2346D21D-F46F-4EEC-933E-5181993ADA67}.Debug|x86.ActiveCfg = Debug|Any CPU
		{2346D21D-F46F-4EEC-933E-5181993ADA67}.Debug|x86.Build.0 = Debug|Any CPU
		{2346D21D-F46F-4EEC-933E-5181993ADA67}.Release|Any CPU.ActiveCfg = Release|Any CPU
		{2346D21D-F46F-4EEC-933E-5181993ADA67}.Release|Any CPU.Build.0 = Release|Any CPU
		{2346D21D-F46F-4EEC-933E-5181993ADA67}.Release|x64.ActiveCfg = Release|Any CPU
		{2346D21D-F46F-4EEC-933E-5181993ADA67}.Release|x64.Build.0 = Release|Any CPU
		{2346D21D-F46F-4EEC-933E-5181993ADA67}.Release|x86.ActiveCfg = Release|Any CPU
		{2346D21D-F46F-4EEC-933E-5181993ADA67}.Release|x86.Build.0 = Release|Any CPU
		{4D227C70-F0D5-4354-A2E6-D2A884123DDA}.Debug|Any CPU.ActiveCfg = Debug|Any CPU
		{4D227C70-F0D5-4354-A2E6-D2A884123DDA}.Debug|Any CPU.Build.0 = Debug|Any CPU
		{4D227C70-F0D5-4354-A2E6-D2A884123DDA}.Debug|x64.ActiveCfg = Debug|Any CPU
		{4D227C70-F0D5-4354-A2E6-D2A884123DDA}.Debug|x64.Build.0 = Debug|Any CPU
		{4D227C70-F0D5-4354-A2E6-D2A884123DDA}.Debug|x86.ActiveCfg = Debug|Any CPU
		{4D227C70-F0D5-4354-A2E6-D2A884123DDA}.Debug|x86.Build.0 = Debug|Any CPU
		{4D227C70-F0D5-4354-A2E6-D2A884123DDA}.Release|Any CPU.ActiveCfg = Release|Any CPU
		{4D227C70-F0D5-4354-A2E6-D2A884123DDA}.Release|Any CPU.Build.0 = Release|Any CPU
		{4D227C70-F0D5-4354-A2E6-D2A884123DDA}.Release|x64.ActiveCfg = Release|Any CPU
		{4D227C70-F0D5-4354-A2E6-D2A884123DDA}.Release|x64.Build.0 = Release|Any CPU
		{4D227C70-F0D5-4354-A2E6-D2A884123DDA}.Release|x86.ActiveCfg = Release|Any CPU
		{4D227C70-F0D5-4354-A2E6-D2A884123DDA}.Release|x86.Build.0 = Release|Any CPU
		{23A40C39-8777-43ED-80B1-0320B0422837}.Debug|Any CPU.ActiveCfg = Debug|x86
		{23A40C39-8777-43ED-80B1-0320B0422837}.Debug|x64.ActiveCfg = Debug|x86
		{23A40C39-8777-43ED-80B1-0320B0422837}.Debug|x86.ActiveCfg = Debug|x86
		{23A40C39-8777-43ED-80B1-0320B0422837}.Debug|x86.Build.0 = Debug|x86
		{23A40C39-8777-43ED-80B1-0320B0422837}.Release|Any CPU.ActiveCfg = Release|x86
		{23A40C39-8777-43ED-80B1-0320B0422837}.Release|x64.ActiveCfg = Release|x86
		{23A40C39-8777-43ED-80B1-0320B0422837}.Release|x86.ActiveCfg = Release|x86
		{23A40C39-8777-43ED-80B1-0320B0422837}.Release|x86.Build.0 = Release|x86
		{56E4D0FF-8EDD-4E98-B0A8-C9EEADC3CACF}.Debug|Any CPU.ActiveCfg = Debug|Any CPU
		{56E4D0FF-8EDD-4E98-B0A8-C9EEADC3CACF}.Debug|Any CPU.Build.0 = Debug|Any CPU
		{56E4D0FF-8EDD-4E98-B0A8-C9EEADC3CACF}.Debug|x64.ActiveCfg = Debug|Any CPU
		{56E4D0FF-8EDD-4E98-B0A8-C9EEADC3CACF}.Debug|x64.Build.0 = Debug|Any CPU
		{56E4D0FF-8EDD-4E98-B0A8-C9EEADC3CACF}.Debug|x86.ActiveCfg = Debug|Any CPU
		{56E4D0FF-8EDD-4E98-B0A8-C9EEADC3CACF}.Debug|x86.Build.0 = Debug|Any CPU
		{56E4D0FF-8EDD-4E98-B0A8-C9EEADC3CACF}.Release|Any CPU.ActiveCfg = Release|Any CPU
		{56E4D0FF-8EDD-4E98-B0A8-C9EEADC3CACF}.Release|Any CPU.Build.0 = Release|Any CPU
		{56E4D0FF-8EDD-4E98-B0A8-C9EEADC3CACF}.Release|x64.ActiveCfg = Release|Any CPU
		{56E4D0FF-8EDD-4E98-B0A8-C9EEADC3CACF}.Release|x64.Build.0 = Release|Any CPU
		{56E4D0FF-8EDD-4E98-B0A8-C9EEADC3CACF}.Release|x86.ActiveCfg = Release|Any CPU
		{56E4D0FF-8EDD-4E98-B0A8-C9EEADC3CACF}.Release|x86.Build.0 = Release|Any CPU
		{DC566EA7-48F0-4EBD-867A-059BD077CEC2}.Debug|Any CPU.ActiveCfg = Debug|Any CPU
		{DC566EA7-48F0-4EBD-867A-059BD077CEC2}.Debug|Any CPU.Build.0 = Debug|Any CPU
		{DC566EA7-48F0-4EBD-867A-059BD077CEC2}.Debug|x64.ActiveCfg = Debug|Any CPU
		{DC566EA7-48F0-4EBD-867A-059BD077CEC2}.Debug|x64.Build.0 = Debug|Any CPU
		{DC566EA7-48F0-4EBD-867A-059BD077CEC2}.Debug|x86.ActiveCfg = Debug|Any CPU
		{DC566EA7-48F0-4EBD-867A-059BD077CEC2}.Debug|x86.Build.0 = Debug|Any CPU
		{DC566EA7-48F0-4EBD-867A-059BD077CEC2}.Release|Any CPU.ActiveCfg = Release|Any CPU
		{DC566EA7-48F0-4EBD-867A-059BD077CEC2}.Release|Any CPU.Build.0 = Release|Any CPU
		{DC566EA7-48F0-4EBD-867A-059BD077CEC2}.Release|x64.ActiveCfg = Release|Any CPU
		{DC566EA7-48F0-4EBD-867A-059BD077CEC2}.Release|x64.Build.0 = Release|Any CPU
		{DC566EA7-48F0-4EBD-867A-059BD077CEC2}.Release|x86.ActiveCfg = Release|Any CPU
		{DC566EA7-48F0-4EBD-867A-059BD077CEC2}.Release|x86.Build.0 = Release|Any CPU
		{DAFCEAED-37E4-43C2-AD93-38308AC1E2AE}.Debug|Any CPU.ActiveCfg = Debug|Any CPU
		{DAFCEAED-37E4-43C2-AD93-38308AC1E2AE}.Debug|Any CPU.Build.0 = Debug|Any CPU
		{DAFCEAED-37E4-43C2-AD93-38308AC1E2AE}.Debug|x64.ActiveCfg = Debug|Any CPU
		{DAFCEAED-37E4-43C2-AD93-38308AC1E2AE}.Debug|x64.Build.0 = Debug|Any CPU
		{DAFCEAED-37E4-43C2-AD93-38308AC1E2AE}.Debug|x86.ActiveCfg = Debug|Any CPU
		{DAFCEAED-37E4-43C2-AD93-38308AC1E2AE}.Debug|x86.Build.0 = Debug|Any CPU
		{DAFCEAED-37E4-43C2-AD93-38308AC1E2AE}.Release|Any CPU.ActiveCfg = Release|Any CPU
		{DAFCEAED-37E4-43C2-AD93-38308AC1E2AE}.Release|Any CPU.Build.0 = Release|Any CPU
		{DAFCEAED-37E4-43C2-AD93-38308AC1E2AE}.Release|x64.ActiveCfg = Release|Any CPU
		{DAFCEAED-37E4-43C2-AD93-38308AC1E2AE}.Release|x64.Build.0 = Release|Any CPU
		{DAFCEAED-37E4-43C2-AD93-38308AC1E2AE}.Release|x86.ActiveCfg = Release|Any CPU
		{DAFCEAED-37E4-43C2-AD93-38308AC1E2AE}.Release|x86.Build.0 = Release|Any CPU
		{1E76FDD9-9F71-4FEB-9078-CE255BACD9BD}.Debug|Any CPU.ActiveCfg = Debug|Any CPU
		{1E76FDD9-9F71-4FEB-9078-CE255BACD9BD}.Debug|Any CPU.Build.0 = Debug|Any CPU
		{1E76FDD9-9F71-4FEB-9078-CE255BACD9BD}.Debug|x64.ActiveCfg = Debug|Any CPU
		{1E76FDD9-9F71-4FEB-9078-CE255BACD9BD}.Debug|x64.Build.0 = Debug|Any CPU
		{1E76FDD9-9F71-4FEB-9078-CE255BACD9BD}.Debug|x86.ActiveCfg = Debug|Any CPU
		{1E76FDD9-9F71-4FEB-9078-CE255BACD9BD}.Debug|x86.Build.0 = Debug|Any CPU
		{1E76FDD9-9F71-4FEB-9078-CE255BACD9BD}.Release|Any CPU.ActiveCfg = Release|Any CPU
		{1E76FDD9-9F71-4FEB-9078-CE255BACD9BD}.Release|Any CPU.Build.0 = Release|Any CPU
		{1E76FDD9-9F71-4FEB-9078-CE255BACD9BD}.Release|x64.ActiveCfg = Release|Any CPU
		{1E76FDD9-9F71-4FEB-9078-CE255BACD9BD}.Release|x64.Build.0 = Release|Any CPU
		{1E76FDD9-9F71-4FEB-9078-CE255BACD9BD}.Release|x86.ActiveCfg = Release|Any CPU
		{1E76FDD9-9F71-4FEB-9078-CE255BACD9BD}.Release|x86.Build.0 = Release|Any CPU
		{42D83A81-DD28-4448-BEF2-D2A084FCC550}.Debug|Any CPU.ActiveCfg = Debug|Any CPU
		{42D83A81-DD28-4448-BEF2-D2A084FCC550}.Debug|Any CPU.Build.0 = Debug|Any CPU
		{42D83A81-DD28-4448-BEF2-D2A084FCC550}.Debug|x64.ActiveCfg = Debug|Any CPU
		{42D83A81-DD28-4448-BEF2-D2A084FCC550}.Debug|x64.Build.0 = Debug|Any CPU
		{42D83A81-DD28-4448-BEF2-D2A084FCC550}.Debug|x86.ActiveCfg = Debug|Any CPU
		{42D83A81-DD28-4448-BEF2-D2A084FCC550}.Debug|x86.Build.0 = Debug|Any CPU
		{42D83A81-DD28-4448-BEF2-D2A084FCC550}.Release|Any CPU.ActiveCfg = Release|Any CPU
		{42D83A81-DD28-4448-BEF2-D2A084FCC550}.Release|Any CPU.Build.0 = Release|Any CPU
		{42D83A81-DD28-4448-BEF2-D2A084FCC550}.Release|x64.ActiveCfg = Release|Any CPU
		{42D83A81-DD28-4448-BEF2-D2A084FCC550}.Release|x64.Build.0 = Release|Any CPU
		{42D83A81-DD28-4448-BEF2-D2A084FCC550}.Release|x86.ActiveCfg = Release|Any CPU
		{42D83A81-DD28-4448-BEF2-D2A084FCC550}.Release|x86.Build.0 = Release|Any CPU
		{F617E4A5-699A-4317-B516-00479CAF2073}.Debug|Any CPU.ActiveCfg = Debug|Any CPU
		{F617E4A5-699A-4317-B516-00479CAF2073}.Debug|Any CPU.Build.0 = Debug|Any CPU
		{F617E4A5-699A-4317-B516-00479CAF2073}.Debug|x64.ActiveCfg = Debug|Any CPU
		{F617E4A5-699A-4317-B516-00479CAF2073}.Debug|x64.Build.0 = Debug|Any CPU
		{F617E4A5-699A-4317-B516-00479CAF2073}.Debug|x86.ActiveCfg = Debug|Any CPU
		{F617E4A5-699A-4317-B516-00479CAF2073}.Debug|x86.Build.0 = Debug|Any CPU
		{F617E4A5-699A-4317-B516-00479CAF2073}.Release|Any CPU.ActiveCfg = Release|Any CPU
		{F617E4A5-699A-4317-B516-00479CAF2073}.Release|Any CPU.Build.0 = Release|Any CPU
		{F617E4A5-699A-4317-B516-00479CAF2073}.Release|x64.ActiveCfg = Release|Any CPU
		{F617E4A5-699A-4317-B516-00479CAF2073}.Release|x64.Build.0 = Release|Any CPU
		{F617E4A5-699A-4317-B516-00479CAF2073}.Release|x86.ActiveCfg = Release|Any CPU
		{F617E4A5-699A-4317-B516-00479CAF2073}.Release|x86.Build.0 = Release|Any CPU
		{E81C2EE7-6B20-47AA-8BE9-8724F1E6B0F2}.Debug|Any CPU.ActiveCfg = Debug|Any CPU
		{E81C2EE7-6B20-47AA-8BE9-8724F1E6B0F2}.Debug|Any CPU.Build.0 = Debug|Any CPU
		{E81C2EE7-6B20-47AA-8BE9-8724F1E6B0F2}.Debug|x64.ActiveCfg = Debug|Any CPU
		{E81C2EE7-6B20-47AA-8BE9-8724F1E6B0F2}.Debug|x64.Build.0 = Debug|Any CPU
		{E81C2EE7-6B20-47AA-8BE9-8724F1E6B0F2}.Debug|x86.ActiveCfg = Debug|Any CPU
		{E81C2EE7-6B20-47AA-8BE9-8724F1E6B0F2}.Debug|x86.Build.0 = Debug|Any CPU
		{E81C2EE7-6B20-47AA-8BE9-8724F1E6B0F2}.Release|Any CPU.ActiveCfg = Release|Any CPU
		{E81C2EE7-6B20-47AA-8BE9-8724F1E6B0F2}.Release|Any CPU.Build.0 = Release|Any CPU
		{E81C2EE7-6B20-47AA-8BE9-8724F1E6B0F2}.Release|x64.ActiveCfg = Release|Any CPU
		{E81C2EE7-6B20-47AA-8BE9-8724F1E6B0F2}.Release|x64.Build.0 = Release|Any CPU
		{E81C2EE7-6B20-47AA-8BE9-8724F1E6B0F2}.Release|x86.ActiveCfg = Release|Any CPU
		{E81C2EE7-6B20-47AA-8BE9-8724F1E6B0F2}.Release|x86.Build.0 = Release|Any CPU
		{9B52264C-6557-4492-8C84-70181EB823FE}.Debug|Any CPU.ActiveCfg = Debug|Any CPU
		{9B52264C-6557-4492-8C84-70181EB823FE}.Debug|Any CPU.Build.0 = Debug|Any CPU
		{9B52264C-6557-4492-8C84-70181EB823FE}.Debug|x64.ActiveCfg = Debug|Any CPU
		{9B52264C-6557-4492-8C84-70181EB823FE}.Debug|x64.Build.0 = Debug|Any CPU
		{9B52264C-6557-4492-8C84-70181EB823FE}.Debug|x86.ActiveCfg = Debug|Any CPU
		{9B52264C-6557-4492-8C84-70181EB823FE}.Debug|x86.Build.0 = Debug|Any CPU
		{9B52264C-6557-4492-8C84-70181EB823FE}.Release|Any CPU.ActiveCfg = Release|Any CPU
		{9B52264C-6557-4492-8C84-70181EB823FE}.Release|Any CPU.Build.0 = Release|Any CPU
		{9B52264C-6557-4492-8C84-70181EB823FE}.Release|x64.ActiveCfg = Release|Any CPU
		{9B52264C-6557-4492-8C84-70181EB823FE}.Release|x64.Build.0 = Release|Any CPU
		{9B52264C-6557-4492-8C84-70181EB823FE}.Release|x86.ActiveCfg = Release|Any CPU
		{9B52264C-6557-4492-8C84-70181EB823FE}.Release|x86.Build.0 = Release|Any CPU
	EndGlobalSection
	GlobalSection(SolutionProperties) = preSolution
		HideSolutionNode = FALSE
	EndGlobalSection
	GlobalSection(ExtensibilityGlobals) = postSolution
		SolutionGuid = {0D66AD4A-D6B5-4C04-A0BA-83A0C5A2B062}
	EndGlobalSection
EndGlobal
